// !$*UTF8*$!
{
	archiveVersion = 1;
	classes = {
	};
	objectVersion = 46;
	objects = {

/* Begin PBXBuildFile section */
		5A341EB81E7CDCA400F6D41D /* TypeConverter.swift in Sources */ = {isa = PBXBuildFile; fileRef = 5A341EB71E7CDCA400F6D41D /* TypeConverter.swift */; };
		5A341EBA1E7D94B300F6D41D /* InvocationSerializer.swift in Sources */ = {isa = PBXBuildFile; fileRef = 5A341EB91E7D94B300F6D41D /* InvocationSerializer.swift */; };
		5A4F86C51E71A54900D9A13F /* SignalRError.swift in Sources */ = {isa = PBXBuildFile; fileRef = 5A4F86C41E71A54900D9A13F /* SignalRError.swift */; };
		5A73DFE31E63E2CF007F3913 /* SocketRocket.framework in Frameworks */ = {isa = PBXBuildFile; fileRef = 5AD455E31E5FECC300732962 /* SocketRocket.framework */; };
		5A73DFE41E63E2CF007F3913 /* SocketRocket.framework in Embed Frameworks */ = {isa = PBXBuildFile; fileRef = 5AD455E31E5FECC300732962 /* SocketRocket.framework */; settings = {ATTRIBUTES = (CodeSignOnCopy, RemoveHeadersOnCopy, ); }; };
		5A73DFE61E63E2D4007F3913 /* SignalRClient.framework in Frameworks */ = {isa = PBXBuildFile; fileRef = 5A9803521E5FE60E00BFFB0A /* SignalRClient.framework */; };
		5A73DFE71E63E2D4007F3913 /* SignalRClient.framework in Embed Frameworks */ = {isa = PBXBuildFile; fileRef = 5A9803521E5FE60E00BFFB0A /* SignalRClient.framework */; settings = {ATTRIBUTES = (CodeSignOnCopy, RemoveHeadersOnCopy, ); }; };
		5A73DFEB1E6B8867007F3913 /* HubConnection.swift in Sources */ = {isa = PBXBuildFile; fileRef = 5A73DFEA1E6B8867007F3913 /* HubConnection.swift */; };
		5A73DFED1E6B8960007F3913 /* HubConnectionDelegate.swift in Sources */ = {isa = PBXBuildFile; fileRef = 5A73DFEC1E6B8960007F3913 /* HubConnectionDelegate.swift */; };
		5A73DFEF1E6B8B3D007F3913 /* SocketConnection.swift in Sources */ = {isa = PBXBuildFile; fileRef = 5A73DFEE1E6B8B3D007F3913 /* SocketConnection.swift */; };
		5A73DFF31E6B95E4007F3913 /* HubConnectionTests.swift in Sources */ = {isa = PBXBuildFile; fileRef = 5A73DFF21E6B95E4007F3913 /* HubConnectionTests.swift */; };
		5A73DFF51E6E5116007F3913 /* InvocationDescriptor.swift in Sources */ = {isa = PBXBuildFile; fileRef = 5A73DFF41E6E5116007F3913 /* InvocationDescriptor.swift */; };
		5A73DFF91E6E92FA007F3913 /* JSONInvocationSerializer.swift in Sources */ = {isa = PBXBuildFile; fileRef = 5A73DFF81E6E92FA007F3913 /* JSONInvocationSerializer.swift */; };
		5A98035C1E5FE60E00BFFB0A /* SignalRClient.framework in Frameworks */ = {isa = PBXBuildFile; fileRef = 5A9803521E5FE60E00BFFB0A /* SignalRClient.framework */; };
		5A9803631E5FE60E00BFFB0A /* SignalRClient.h in Headers */ = {isa = PBXBuildFile; fileRef = 5A9803551E5FE60E00BFFB0A /* SignalRClient.h */; settings = {ATTRIBUTES = (Public, ); }; };
		5A9A81141E5FF99B00FE62A6 /* SocketRocket.framework in CopyFiles */ = {isa = PBXBuildFile; fileRef = 5AD455E31E5FECC300732962 /* SocketRocket.framework */; settings = {ATTRIBUTES = (CodeSignOnCopy, RemoveHeadersOnCopy, ); }; };
		5A9A81391E61E40500FE62A6 /* TransportDelegate.swift in Sources */ = {isa = PBXBuildFile; fileRef = 5A9A81381E61E40500FE62A6 /* TransportDelegate.swift */; };
		5A9A813B1E6397BE00FE62A6 /* Connection.swift in Sources */ = {isa = PBXBuildFile; fileRef = 5A9A813A1E6397BE00FE62A6 /* Connection.swift */; };
		5A9A813D1E63982400FE62A6 /* SocketConnectionDelegate.swift in Sources */ = {isa = PBXBuildFile; fileRef = 5A9A813C1E63982400FE62A6 /* SocketConnectionDelegate.swift */; };
		5A9A81411E639F7700FE62A6 /* ConnectionTests.swift in Sources */ = {isa = PBXBuildFile; fileRef = 5A9A81401E639F7700FE62A6 /* ConnectionTests.swift */; };
		5A9A81431E63B0E900FE62A6 /* DefaultHttpClient.swift in Sources */ = {isa = PBXBuildFile; fileRef = 5A9A81421E63B0E900FE62A6 /* DefaultHttpClient.swift */; };
		5A9A81451E63B14000FE62A6 /* HttpResponse.swift in Sources */ = {isa = PBXBuildFile; fileRef = 5A9A81441E63B14000FE62A6 /* HttpResponse.swift */; };
		5A9A815E1E63CAE100FE62A6 /* AppDelegate.swift in Sources */ = {isa = PBXBuildFile; fileRef = 5A9A815D1E63CAE100FE62A6 /* AppDelegate.swift */; };
		5A9A81601E63CAE100FE62A6 /* Assets.xcassets in Resources */ = {isa = PBXBuildFile; fileRef = 5A9A815F1E63CAE100FE62A6 /* Assets.xcassets */; };
		5A9A81631E63CAE100FE62A6 /* MainMenu.xib in Resources */ = {isa = PBXBuildFile; fileRef = 5A9A81611E63CAE100FE62A6 /* MainMenu.xib */; };
		5AA884F61E80E25400FAF9C4 /* JSONTypeConverterTests.swift in Sources */ = {isa = PBXBuildFile; fileRef = 5AA884F51E80E25400FAF9C4 /* JSONTypeConverterTests.swift */; };
		5AD455DF1E5FE95D00732962 /* WebsocketsTransport.swift in Sources */ = {isa = PBXBuildFile; fileRef = 5AD455DE1E5FE95D00732962 /* WebsocketsTransport.swift */; };
		5AD455E11E5FE9C800732962 /* WebsocketsTransportTests.swift in Sources */ = {isa = PBXBuildFile; fileRef = 5AD455E01E5FE9C800732962 /* WebsocketsTransportTests.swift */; };
		5AD455E41E5FECC300732962 /* SocketRocket.framework in Frameworks */ = {isa = PBXBuildFile; fileRef = 5AD455E31E5FECC300732962 /* SocketRocket.framework */; };
		5AD455E71E5FF31600732962 /* SocketRocket.framework.dSYM in CopyFiles */ = {isa = PBXBuildFile; fileRef = 5AD455E61E5FF31600732962 /* SocketRocket.framework.dSYM */; };
		5AD455E81E5FF66C00732962 /* SocketRocket.framework in Frameworks */ = {isa = PBXBuildFile; fileRef = 5AD455E31E5FECC300732962 /* SocketRocket.framework */; };
/* End PBXBuildFile section */

/* Begin PBXContainerItemProxy section */
		5A73DFE81E63E2D4007F3913 /* PBXContainerItemProxy */ = {
			isa = PBXContainerItemProxy;
			containerPortal = 5A9803491E5FE60E00BFFB0A /* Project object */;
			proxyType = 1;
			remoteGlobalIDString = 5A9803511E5FE60E00BFFB0A;
			remoteInfo = SignalRClient;
		};
		5A98035D1E5FE60E00BFFB0A /* PBXContainerItemProxy */ = {
			isa = PBXContainerItemProxy;
			containerPortal = 5A9803491E5FE60E00BFFB0A /* Project object */;
			proxyType = 1;
			remoteGlobalIDString = 5A9803511E5FE60E00BFFB0A;
			remoteInfo = SignalRClient;
		};
/* End PBXContainerItemProxy section */

/* Begin PBXCopyFilesBuildPhase section */
		5A73DFE51E63E2CF007F3913 /* Embed Frameworks */ = {
			isa = PBXCopyFilesBuildPhase;
			buildActionMask = 2147483647;
			dstPath = "";
			dstSubfolderSpec = 10;
			files = (
				5A73DFE71E63E2D4007F3913 /* SignalRClient.framework in Embed Frameworks */,
				5A73DFE41E63E2CF007F3913 /* SocketRocket.framework in Embed Frameworks */,
			);
			name = "Embed Frameworks";
			runOnlyForDeploymentPostprocessing = 0;
		};
		5A9A81131E5FF98100FE62A6 /* CopyFiles */ = {
			isa = PBXCopyFilesBuildPhase;
			buildActionMask = 2147483647;
			dstPath = "";
			dstSubfolderSpec = 10;
			files = (
				5A9A81141E5FF99B00FE62A6 /* SocketRocket.framework in CopyFiles */,
			);
			runOnlyForDeploymentPostprocessing = 0;
		};
		5AD455E51E5FED3700732962 /* CopyFiles */ = {
			isa = PBXCopyFilesBuildPhase;
			buildActionMask = 2147483647;
			dstPath = "";
			dstSubfolderSpec = 16;
			files = (
				5AD455E71E5FF31600732962 /* SocketRocket.framework.dSYM in CopyFiles */,
			);
			runOnlyForDeploymentPostprocessing = 0;
		};
/* End PBXCopyFilesBuildPhase section */

/* Begin PBXFileReference section */
		5A341EB71E7CDCA400F6D41D /* TypeConverter.swift */ = {isa = PBXFileReference; fileEncoding = 4; lastKnownFileType = sourcecode.swift; path = TypeConverter.swift; sourceTree = "<group>"; };
		5A341EB91E7D94B300F6D41D /* InvocationSerializer.swift */ = {isa = PBXFileReference; fileEncoding = 4; lastKnownFileType = sourcecode.swift; path = InvocationSerializer.swift; sourceTree = "<group>"; };
		5A4F86C41E71A54900D9A13F /* SignalRError.swift */ = {isa = PBXFileReference; fileEncoding = 4; lastKnownFileType = sourcecode.swift; path = SignalRError.swift; sourceTree = "<group>"; };
		5A73DFEA1E6B8867007F3913 /* HubConnection.swift */ = {isa = PBXFileReference; fileEncoding = 4; lastKnownFileType = sourcecode.swift; path = HubConnection.swift; sourceTree = "<group>"; };
		5A73DFEC1E6B8960007F3913 /* HubConnectionDelegate.swift */ = {isa = PBXFileReference; fileEncoding = 4; lastKnownFileType = sourcecode.swift; path = HubConnectionDelegate.swift; sourceTree = "<group>"; };
		5A73DFEE1E6B8B3D007F3913 /* SocketConnection.swift */ = {isa = PBXFileReference; fileEncoding = 4; lastKnownFileType = sourcecode.swift; path = SocketConnection.swift; sourceTree = "<group>"; };
		5A73DFF21E6B95E4007F3913 /* HubConnectionTests.swift */ = {isa = PBXFileReference; fileEncoding = 4; lastKnownFileType = sourcecode.swift; path = HubConnectionTests.swift; sourceTree = "<group>"; };
		5A73DFF41E6E5116007F3913 /* InvocationDescriptor.swift */ = {isa = PBXFileReference; fileEncoding = 4; lastKnownFileType = sourcecode.swift; path = InvocationDescriptor.swift; sourceTree = "<group>"; };
		5A73DFF81E6E92FA007F3913 /* JSONInvocationSerializer.swift */ = {isa = PBXFileReference; fileEncoding = 4; lastKnownFileType = sourcecode.swift; path = JSONInvocationSerializer.swift; sourceTree = "<group>"; };
		5A9803521E5FE60E00BFFB0A /* SignalRClient.framework */ = {isa = PBXFileReference; explicitFileType = wrapper.framework; includeInIndex = 0; path = SignalRClient.framework; sourceTree = BUILT_PRODUCTS_DIR; };
		5A9803551E5FE60E00BFFB0A /* SignalRClient.h */ = {isa = PBXFileReference; lastKnownFileType = sourcecode.c.h; path = SignalRClient.h; sourceTree = "<group>"; };
		5A9803561E5FE60E00BFFB0A /* Info.plist */ = {isa = PBXFileReference; lastKnownFileType = text.plist.xml; path = Info.plist; sourceTree = "<group>"; };
		5A98035B1E5FE60E00BFFB0A /* SignalRClientTests.xctest */ = {isa = PBXFileReference; explicitFileType = wrapper.cfbundle; includeInIndex = 0; path = SignalRClientTests.xctest; sourceTree = BUILT_PRODUCTS_DIR; };
		5A9803621E5FE60E00BFFB0A /* Info.plist */ = {isa = PBXFileReference; lastKnownFileType = text.plist.xml; path = Info.plist; sourceTree = "<group>"; };
		5A9A81381E61E40500FE62A6 /* TransportDelegate.swift */ = {isa = PBXFileReference; fileEncoding = 4; lastKnownFileType = sourcecode.swift; path = TransportDelegate.swift; sourceTree = "<group>"; };
		5A9A813A1E6397BE00FE62A6 /* Connection.swift */ = {isa = PBXFileReference; fileEncoding = 4; lastKnownFileType = sourcecode.swift; path = Connection.swift; sourceTree = "<group>"; };
		5A9A813C1E63982400FE62A6 /* SocketConnectionDelegate.swift */ = {isa = PBXFileReference; fileEncoding = 4; lastKnownFileType = sourcecode.swift; path = SocketConnectionDelegate.swift; sourceTree = "<group>"; };
		5A9A81401E639F7700FE62A6 /* ConnectionTests.swift */ = {isa = PBXFileReference; fileEncoding = 4; lastKnownFileType = sourcecode.swift; path = ConnectionTests.swift; sourceTree = "<group>"; };
		5A9A81421E63B0E900FE62A6 /* DefaultHttpClient.swift */ = {isa = PBXFileReference; fileEncoding = 4; lastKnownFileType = sourcecode.swift; path = DefaultHttpClient.swift; sourceTree = "<group>"; };
		5A9A81441E63B14000FE62A6 /* HttpResponse.swift */ = {isa = PBXFileReference; fileEncoding = 4; lastKnownFileType = sourcecode.swift; path = HttpResponse.swift; sourceTree = "<group>"; };
		5A9A815B1E63CAE100FE62A6 /* SocketsSample.app */ = {isa = PBXFileReference; explicitFileType = wrapper.application; includeInIndex = 0; path = SocketsSample.app; sourceTree = BUILT_PRODUCTS_DIR; };
		5A9A815D1E63CAE100FE62A6 /* AppDelegate.swift */ = {isa = PBXFileReference; lastKnownFileType = sourcecode.swift; path = AppDelegate.swift; sourceTree = "<group>"; };
		5A9A815F1E63CAE100FE62A6 /* Assets.xcassets */ = {isa = PBXFileReference; lastKnownFileType = folder.assetcatalog; path = Assets.xcassets; sourceTree = "<group>"; };
		5A9A81621E63CAE100FE62A6 /* Base */ = {isa = PBXFileReference; lastKnownFileType = file.xib; name = Base; path = Base.lproj/MainMenu.xib; sourceTree = "<group>"; };
		5A9A81641E63CAE100FE62A6 /* Info.plist */ = {isa = PBXFileReference; lastKnownFileType = text.plist.xml; path = Info.plist; sourceTree = "<group>"; };
		5AA884F51E80E25400FAF9C4 /* JSONTypeConverterTests.swift */ = {isa = PBXFileReference; fileEncoding = 4; lastKnownFileType = sourcecode.swift; path = JSONTypeConverterTests.swift; sourceTree = "<group>"; };
		5AD455DE1E5FE95D00732962 /* WebsocketsTransport.swift */ = {isa = PBXFileReference; fileEncoding = 4; lastKnownFileType = sourcecode.swift; path = WebsocketsTransport.swift; sourceTree = "<group>"; };
		5AD455E01E5FE9C800732962 /* WebsocketsTransportTests.swift */ = {isa = PBXFileReference; fileEncoding = 4; lastKnownFileType = sourcecode.swift; path = WebsocketsTransportTests.swift; sourceTree = "<group>"; };
		5AD455E31E5FECC300732962 /* SocketRocket.framework */ = {isa = PBXFileReference; lastKnownFileType = wrapper.framework; name = SocketRocket.framework; path = Carthage/Build/Mac/SocketRocket.framework; sourceTree = "<group>"; };
		5AD455E61E5FF31600732962 /* SocketRocket.framework.dSYM */ = {isa = PBXFileReference; lastKnownFileType = wrapper.dsym; name = SocketRocket.framework.dSYM; path = Carthage/Build/Mac/SocketRocket.framework.dSYM; sourceTree = "<group>"; };
/* End PBXFileReference section */

/* Begin PBXFrameworksBuildPhase section */
		5A98034E1E5FE60E00BFFB0A /* Frameworks */ = {
			isa = PBXFrameworksBuildPhase;
			buildActionMask = 2147483647;
			files = (
				5AD455E41E5FECC300732962 /* SocketRocket.framework in Frameworks */,
			);
			runOnlyForDeploymentPostprocessing = 0;
		};
		5A9803581E5FE60E00BFFB0A /* Frameworks */ = {
			isa = PBXFrameworksBuildPhase;
			buildActionMask = 2147483647;
			files = (
				5AD455E81E5FF66C00732962 /* SocketRocket.framework in Frameworks */,
				5A98035C1E5FE60E00BFFB0A /* SignalRClient.framework in Frameworks */,
			);
			runOnlyForDeploymentPostprocessing = 0;
		};
		5A9A81581E63CAE100FE62A6 /* Frameworks */ = {
			isa = PBXFrameworksBuildPhase;
			buildActionMask = 2147483647;
			files = (
				5A73DFE61E63E2D4007F3913 /* SignalRClient.framework in Frameworks */,
				5A73DFE31E63E2CF007F3913 /* SocketRocket.framework in Frameworks */,
			);
			runOnlyForDeploymentPostprocessing = 0;
		};
/* End PBXFrameworksBuildPhase section */

/* Begin PBXGroup section */
		5A9803481E5FE60E00BFFB0A = {
			isa = PBXGroup;
			children = (
				5AD455E61E5FF31600732962 /* SocketRocket.framework.dSYM */,
				5A9803541E5FE60E00BFFB0A /* SignalRClient */,
				5A98035F1E5FE60E00BFFB0A /* SignalRClientTests */,
				5A9A815C1E63CAE100FE62A6 /* SocketsSample */,
				5A9803531E5FE60E00BFFB0A /* Products */,
				5AD455E21E5FECC200732962 /* Frameworks */,
			);
			sourceTree = "<group>";
		};
		5A9803531E5FE60E00BFFB0A /* Products */ = {
			isa = PBXGroup;
			children = (
				5A9803521E5FE60E00BFFB0A /* SignalRClient.framework */,
				5A98035B1E5FE60E00BFFB0A /* SignalRClientTests.xctest */,
				5A9A815B1E63CAE100FE62A6 /* SocketsSample.app */,
			);
			name = Products;
			sourceTree = "<group>";
		};
		5A9803541E5FE60E00BFFB0A /* SignalRClient */ = {
			isa = PBXGroup;
			children = (
				5A9803551E5FE60E00BFFB0A /* SignalRClient.h */,
				5A9803561E5FE60E00BFFB0A /* Info.plist */,
				5AD455DE1E5FE95D00732962 /* WebsocketsTransport.swift */,
				5A9A81381E61E40500FE62A6 /* TransportDelegate.swift */,
				5A9A813A1E6397BE00FE62A6 /* Connection.swift */,
				5A9A813C1E63982400FE62A6 /* SocketConnectionDelegate.swift */,
				5A9A81421E63B0E900FE62A6 /* DefaultHttpClient.swift */,
				5A9A81441E63B14000FE62A6 /* HttpResponse.swift */,
				5A73DFEA1E6B8867007F3913 /* HubConnection.swift */,
				5A73DFEC1E6B8960007F3913 /* HubConnectionDelegate.swift */,
				5A73DFEE1E6B8B3D007F3913 /* SocketConnection.swift */,
				5A73DFF41E6E5116007F3913 /* InvocationDescriptor.swift */,
				5A73DFF81E6E92FA007F3913 /* JSONInvocationSerializer.swift */,
				5A4F86C41E71A54900D9A13F /* SignalRError.swift */,
				5A341EB71E7CDCA400F6D41D /* TypeConverter.swift */,
				5A341EB91E7D94B300F6D41D /* InvocationSerializer.swift */,
			);
			path = SignalRClient;
			sourceTree = "<group>";
		};
		5A98035F1E5FE60E00BFFB0A /* SignalRClientTests */ = {
			isa = PBXGroup;
			children = (
				5A9803621E5FE60E00BFFB0A /* Info.plist */,
				5AD455E01E5FE9C800732962 /* WebsocketsTransportTests.swift */,
				5A9A81401E639F7700FE62A6 /* ConnectionTests.swift */,
				5A73DFF21E6B95E4007F3913 /* HubConnectionTests.swift */,
				5AA884F51E80E25400FAF9C4 /* JSONTypeConverterTests.swift */,
			);
			path = SignalRClientTests;
			sourceTree = "<group>";
		};
		5A9A815C1E63CAE100FE62A6 /* SocketsSample */ = {
			isa = PBXGroup;
			children = (
				5A9A815D1E63CAE100FE62A6 /* AppDelegate.swift */,
				5A9A815F1E63CAE100FE62A6 /* Assets.xcassets */,
				5A9A81611E63CAE100FE62A6 /* MainMenu.xib */,
				5A9A81641E63CAE100FE62A6 /* Info.plist */,
			);
			path = SocketsSample;
			sourceTree = "<group>";
		};
		5AD455E21E5FECC200732962 /* Frameworks */ = {
			isa = PBXGroup;
			children = (
				5AD455E31E5FECC300732962 /* SocketRocket.framework */,
			);
			name = Frameworks;
			sourceTree = "<group>";
		};
/* End PBXGroup section */

/* Begin PBXHeadersBuildPhase section */
		5A98034F1E5FE60E00BFFB0A /* Headers */ = {
			isa = PBXHeadersBuildPhase;
			buildActionMask = 2147483647;
			files = (
				5A9803631E5FE60E00BFFB0A /* SignalRClient.h in Headers */,
			);
			runOnlyForDeploymentPostprocessing = 0;
		};
/* End PBXHeadersBuildPhase section */

/* Begin PBXNativeTarget section */
		5A9803511E5FE60E00BFFB0A /* SignalRClient */ = {
			isa = PBXNativeTarget;
			buildConfigurationList = 5A9803661E5FE60E00BFFB0A /* Build configuration list for PBXNativeTarget "SignalRClient" */;
			buildPhases = (
				5A98034D1E5FE60E00BFFB0A /* Sources */,
				5A98034E1E5FE60E00BFFB0A /* Frameworks */,
				5A98034F1E5FE60E00BFFB0A /* Headers */,
				5A9803501E5FE60E00BFFB0A /* Resources */,
				5AD455E51E5FED3700732962 /* CopyFiles */,
			);
			buildRules = (
			);
			dependencies = (
			);
			name = SignalRClient;
			productName = SignalRClient;
			productReference = 5A9803521E5FE60E00BFFB0A /* SignalRClient.framework */;
			productType = "com.apple.product-type.framework";
		};
		5A98035A1E5FE60E00BFFB0A /* SignalRClientTests */ = {
			isa = PBXNativeTarget;
			buildConfigurationList = 5A9803691E5FE60E00BFFB0A /* Build configuration list for PBXNativeTarget "SignalRClientTests" */;
			buildPhases = (
				5A9803571E5FE60E00BFFB0A /* Sources */,
				5A9803581E5FE60E00BFFB0A /* Frameworks */,
				5A9803591E5FE60E00BFFB0A /* Resources */,
				5A9A81131E5FF98100FE62A6 /* CopyFiles */,
			);
			buildRules = (
			);
			dependencies = (
				5A98035E1E5FE60E00BFFB0A /* PBXTargetDependency */,
			);
			name = SignalRClientTests;
			productName = SignalRClientTests;
			productReference = 5A98035B1E5FE60E00BFFB0A /* SignalRClientTests.xctest */;
			productType = "com.apple.product-type.bundle.unit-test";
		};
		5A9A815A1E63CAE100FE62A6 /* SocketsSample */ = {
			isa = PBXNativeTarget;
			buildConfigurationList = 5A9A81651E63CAE100FE62A6 /* Build configuration list for PBXNativeTarget "SocketsSample" */;
			buildPhases = (
				5A9A81571E63CAE100FE62A6 /* Sources */,
				5A9A81581E63CAE100FE62A6 /* Frameworks */,
				5A9A81591E63CAE100FE62A6 /* Resources */,
				5A73DFE51E63E2CF007F3913 /* Embed Frameworks */,
			);
			buildRules = (
			);
			dependencies = (
				5A73DFE91E63E2D4007F3913 /* PBXTargetDependency */,
			);
			name = SocketsSample;
			productName = SocketsSample;
			productReference = 5A9A815B1E63CAE100FE62A6 /* SocketsSample.app */;
			productType = "com.apple.product-type.application";
		};
/* End PBXNativeTarget section */

/* Begin PBXProject section */
		5A9803491E5FE60E00BFFB0A /* Project object */ = {
			isa = PBXProject;
			attributes = {
				LastSwiftUpdateCheck = 0810;
				LastUpgradeCheck = 0810;
				ORGANIZATIONNAME = "Pawel Kadluczka";
				TargetAttributes = {
					5A9803511E5FE60E00BFFB0A = {
						CreatedOnToolsVersion = 8.1;
						LastSwiftMigration = 0810;
						ProvisioningStyle = Automatic;
					};
					5A98035A1E5FE60E00BFFB0A = {
						CreatedOnToolsVersion = 8.1;
						ProvisioningStyle = Automatic;
					};
					5A9A815A1E63CAE100FE62A6 = {
						CreatedOnToolsVersion = 8.1;
						ProvisioningStyle = Automatic;
					};
				};
			};
			buildConfigurationList = 5A98034C1E5FE60E00BFFB0A /* Build configuration list for PBXProject "SignalRClient" */;
			compatibilityVersion = "Xcode 3.2";
			developmentRegion = English;
			hasScannedForEncodings = 0;
			knownRegions = (
				en,
				Base,
			);
			mainGroup = 5A9803481E5FE60E00BFFB0A;
			productRefGroup = 5A9803531E5FE60E00BFFB0A /* Products */;
			projectDirPath = "";
			projectRoot = "";
			targets = (
				5A9803511E5FE60E00BFFB0A /* SignalRClient */,
				5A98035A1E5FE60E00BFFB0A /* SignalRClientTests */,
				5A9A815A1E63CAE100FE62A6 /* SocketsSample */,
			);
		};
/* End PBXProject section */

/* Begin PBXResourcesBuildPhase section */
		5A9803501E5FE60E00BFFB0A /* Resources */ = {
			isa = PBXResourcesBuildPhase;
			buildActionMask = 2147483647;
			files = (
			);
			runOnlyForDeploymentPostprocessing = 0;
		};
		5A9803591E5FE60E00BFFB0A /* Resources */ = {
			isa = PBXResourcesBuildPhase;
			buildActionMask = 2147483647;
			files = (
			);
			runOnlyForDeploymentPostprocessing = 0;
		};
		5A9A81591E63CAE100FE62A6 /* Resources */ = {
			isa = PBXResourcesBuildPhase;
			buildActionMask = 2147483647;
			files = (
				5A9A81601E63CAE100FE62A6 /* Assets.xcassets in Resources */,
				5A9A81631E63CAE100FE62A6 /* MainMenu.xib in Resources */,
			);
			runOnlyForDeploymentPostprocessing = 0;
		};
/* End PBXResourcesBuildPhase section */

/* Begin PBXSourcesBuildPhase section */
		5A98034D1E5FE60E00BFFB0A /* Sources */ = {
			isa = PBXSourcesBuildPhase;
			buildActionMask = 2147483647;
			files = (
				5A73DFED1E6B8960007F3913 /* HubConnectionDelegate.swift in Sources */,
				5A73DFEF1E6B8B3D007F3913 /* SocketConnection.swift in Sources */,
				5A9A81451E63B14000FE62A6 /* HttpResponse.swift in Sources */,
				5A9A81391E61E40500FE62A6 /* TransportDelegate.swift in Sources */,
				5A73DFF51E6E5116007F3913 /* InvocationDescriptor.swift in Sources */,
				5A341EBA1E7D94B300F6D41D /* InvocationSerializer.swift in Sources */,
				5A341EB81E7CDCA400F6D41D /* TypeConverter.swift in Sources */,
				5A73DFF91E6E92FA007F3913 /* JSONInvocationSerializer.swift in Sources */,
				5A9A813B1E6397BE00FE62A6 /* Connection.swift in Sources */,
				5A4F86C51E71A54900D9A13F /* SignalRError.swift in Sources */,
				5A9A813D1E63982400FE62A6 /* SocketConnectionDelegate.swift in Sources */,
				5A9A81431E63B0E900FE62A6 /* DefaultHttpClient.swift in Sources */,
				5A73DFEB1E6B8867007F3913 /* HubConnection.swift in Sources */,
				5AD455DF1E5FE95D00732962 /* WebsocketsTransport.swift in Sources */,
			);
			runOnlyForDeploymentPostprocessing = 0;
		};
		5A9803571E5FE60E00BFFB0A /* Sources */ = {
			isa = PBXSourcesBuildPhase;
			buildActionMask = 2147483647;
			files = (
				5AD455E11E5FE9C800732962 /* WebsocketsTransportTests.swift in Sources */,
				5A73DFF31E6B95E4007F3913 /* HubConnectionTests.swift in Sources */,
				5AA884F61E80E25400FAF9C4 /* JSONTypeConverterTests.swift in Sources */,
				5A9A81411E639F7700FE62A6 /* ConnectionTests.swift in Sources */,
			);
			runOnlyForDeploymentPostprocessing = 0;
		};
		5A9A81571E63CAE100FE62A6 /* Sources */ = {
			isa = PBXSourcesBuildPhase;
			buildActionMask = 2147483647;
			files = (
				5A9A815E1E63CAE100FE62A6 /* AppDelegate.swift in Sources */,
			);
			runOnlyForDeploymentPostprocessing = 0;
		};
/* End PBXSourcesBuildPhase section */

/* Begin PBXTargetDependency section */
		5A73DFE91E63E2D4007F3913 /* PBXTargetDependency */ = {
			isa = PBXTargetDependency;
			target = 5A9803511E5FE60E00BFFB0A /* SignalRClient */;
			targetProxy = 5A73DFE81E63E2D4007F3913 /* PBXContainerItemProxy */;
		};
		5A98035E1E5FE60E00BFFB0A /* PBXTargetDependency */ = {
			isa = PBXTargetDependency;
			target = 5A9803511E5FE60E00BFFB0A /* SignalRClient */;
			targetProxy = 5A98035D1E5FE60E00BFFB0A /* PBXContainerItemProxy */;
		};
/* End PBXTargetDependency section */

/* Begin PBXVariantGroup section */
		5A9A81611E63CAE100FE62A6 /* MainMenu.xib */ = {
			isa = PBXVariantGroup;
			children = (
				5A9A81621E63CAE100FE62A6 /* Base */,
			);
			name = MainMenu.xib;
			sourceTree = "<group>";
		};
/* End PBXVariantGroup section */

/* Begin XCBuildConfiguration section */
		5A9803641E5FE60E00BFFB0A /* Debug */ = {
			isa = XCBuildConfiguration;
			buildSettings = {
				ALWAYS_SEARCH_USER_PATHS = NO;
				CLANG_ANALYZER_NONNULL = YES;
				CLANG_CXX_LANGUAGE_STANDARD = "gnu++0x";
				CLANG_CXX_LIBRARY = "libc++";
				CLANG_ENABLE_MODULES = YES;
				CLANG_ENABLE_OBJC_ARC = YES;
				CLANG_WARN_BOOL_CONVERSION = YES;
				CLANG_WARN_CONSTANT_CONVERSION = YES;
				CLANG_WARN_DIRECT_OBJC_ISA_USAGE = YES_ERROR;
				CLANG_WARN_DOCUMENTATION_COMMENTS = YES;
				CLANG_WARN_EMPTY_BODY = YES;
				CLANG_WARN_ENUM_CONVERSION = YES;
				CLANG_WARN_INFINITE_RECURSION = YES;
				CLANG_WARN_INT_CONVERSION = YES;
				CLANG_WARN_OBJC_ROOT_CLASS = YES_ERROR;
				CLANG_WARN_SUSPICIOUS_MOVES = YES;
				CLANG_WARN_UNREACHABLE_CODE = YES;
				CLANG_WARN__DUPLICATE_METHOD_MATCH = YES;
				CODE_SIGN_IDENTITY = "-";
				COPY_PHASE_STRIP = NO;
				CURRENT_PROJECT_VERSION = 1;
				DEBUG_INFORMATION_FORMAT = dwarf;
				ENABLE_STRICT_OBJC_MSGSEND = YES;
				ENABLE_TESTABILITY = YES;
				GCC_C_LANGUAGE_STANDARD = gnu99;
				GCC_DYNAMIC_NO_PIC = NO;
				GCC_NO_COMMON_BLOCKS = YES;
				GCC_OPTIMIZATION_LEVEL = 0;
				GCC_PREPROCESSOR_DEFINITIONS = (
					"DEBUG=1",
					"$(inherited)",
				);
				GCC_WARN_64_TO_32_BIT_CONVERSION = YES;
				GCC_WARN_ABOUT_RETURN_TYPE = YES_ERROR;
				GCC_WARN_UNDECLARED_SELECTOR = YES;
				GCC_WARN_UNINITIALIZED_AUTOS = YES_AGGRESSIVE;
				GCC_WARN_UNUSED_FUNCTION = YES;
				GCC_WARN_UNUSED_VARIABLE = YES;
				MACOSX_DEPLOYMENT_TARGET = 10.12;
				MTL_ENABLE_DEBUG_INFO = YES;
				ONLY_ACTIVE_ARCH = YES;
				SDKROOT = macosx;
				SWIFT_ACTIVE_COMPILATION_CONDITIONS = DEBUG;
				SWIFT_OPTIMIZATION_LEVEL = "-Onone";
				VERSIONING_SYSTEM = "apple-generic";
				VERSION_INFO_PREFIX = "";
			};
			name = Debug;
		};
		5A9803651E5FE60E00BFFB0A /* Release */ = {
			isa = XCBuildConfiguration;
			buildSettings = {
				ALWAYS_SEARCH_USER_PATHS = NO;
				CLANG_ANALYZER_NONNULL = YES;
				CLANG_CXX_LANGUAGE_STANDARD = "gnu++0x";
				CLANG_CXX_LIBRARY = "libc++";
				CLANG_ENABLE_MODULES = YES;
				CLANG_ENABLE_OBJC_ARC = YES;
				CLANG_WARN_BOOL_CONVERSION = YES;
				CLANG_WARN_CONSTANT_CONVERSION = YES;
				CLANG_WARN_DIRECT_OBJC_ISA_USAGE = YES_ERROR;
				CLANG_WARN_DOCUMENTATION_COMMENTS = YES;
				CLANG_WARN_EMPTY_BODY = YES;
				CLANG_WARN_ENUM_CONVERSION = YES;
				CLANG_WARN_INFINITE_RECURSION = YES;
				CLANG_WARN_INT_CONVERSION = YES;
				CLANG_WARN_OBJC_ROOT_CLASS = YES_ERROR;
				CLANG_WARN_SUSPICIOUS_MOVES = YES;
				CLANG_WARN_UNREACHABLE_CODE = YES;
				CLANG_WARN__DUPLICATE_METHOD_MATCH = YES;
				CODE_SIGN_IDENTITY = "-";
				COPY_PHASE_STRIP = NO;
				CURRENT_PROJECT_VERSION = 1;
				DEBUG_INFORMATION_FORMAT = "dwarf-with-dsym";
				ENABLE_NS_ASSERTIONS = NO;
				ENABLE_STRICT_OBJC_MSGSEND = YES;
				GCC_C_LANGUAGE_STANDARD = gnu99;
				GCC_NO_COMMON_BLOCKS = YES;
				GCC_WARN_64_TO_32_BIT_CONVERSION = YES;
				GCC_WARN_ABOUT_RETURN_TYPE = YES_ERROR;
				GCC_WARN_UNDECLARED_SELECTOR = YES;
				GCC_WARN_UNINITIALIZED_AUTOS = YES_AGGRESSIVE;
				GCC_WARN_UNUSED_FUNCTION = YES;
				GCC_WARN_UNUSED_VARIABLE = YES;
				MACOSX_DEPLOYMENT_TARGET = 10.12;
				MTL_ENABLE_DEBUG_INFO = NO;
				SDKROOT = macosx;
				SWIFT_OPTIMIZATION_LEVEL = "-Owholemodule";
				VERSIONING_SYSTEM = "apple-generic";
				VERSION_INFO_PREFIX = "";
			};
			name = Release;
		};
		5A9803671E5FE60E00BFFB0A /* Debug */ = {
			isa = XCBuildConfiguration;
			buildSettings = {
				CLANG_ENABLE_MODULES = YES;
				CODE_SIGN_IDENTITY = "";
				COMBINE_HIDPI_IMAGES = YES;
				DEFINES_MODULE = YES;
				DYLIB_COMPATIBILITY_VERSION = 1;
				DYLIB_CURRENT_VERSION = 1;
				DYLIB_INSTALL_NAME_BASE = "@rpath";
				FRAMEWORK_SEARCH_PATHS = (
					"$(inherited)",
					"$(PROJECT_DIR)/Carthage/Build/Mac",
				);
				FRAMEWORK_VERSION = A;
				INFOPLIST_FILE = SignalRClient/Info.plist;
				INSTALL_PATH = "$(LOCAL_LIBRARY_DIR)/Frameworks";
				LD_RUNPATH_SEARCH_PATHS = "$(inherited) @executable_path/../Frameworks @loader_path/Frameworks";
				PRODUCT_BUNDLE_IDENTIFIER = moozzyk.SignalRClient;
				PRODUCT_NAME = "$(TARGET_NAME)";
				SKIP_INSTALL = YES;
				SWIFT_OPTIMIZATION_LEVEL = "-Onone";
				SWIFT_VERSION = 3.0;
			};
			name = Debug;
		};
		5A9803681E5FE60E00BFFB0A /* Release */ = {
			isa = XCBuildConfiguration;
			buildSettings = {
				CLANG_ENABLE_MODULES = YES;
				CODE_SIGN_IDENTITY = "";
				COMBINE_HIDPI_IMAGES = YES;
				DEFINES_MODULE = YES;
				DYLIB_COMPATIBILITY_VERSION = 1;
				DYLIB_CURRENT_VERSION = 1;
				DYLIB_INSTALL_NAME_BASE = "@rpath";
				FRAMEWORK_SEARCH_PATHS = (
					"$(inherited)",
					"$(PROJECT_DIR)/Carthage/Build/Mac",
				);
				FRAMEWORK_VERSION = A;
				INFOPLIST_FILE = SignalRClient/Info.plist;
				INSTALL_PATH = "$(LOCAL_LIBRARY_DIR)/Frameworks";
				LD_RUNPATH_SEARCH_PATHS = "$(inherited) @executable_path/../Frameworks @loader_path/Frameworks";
				PRODUCT_BUNDLE_IDENTIFIER = moozzyk.SignalRClient;
				PRODUCT_NAME = "$(TARGET_NAME)";
				SKIP_INSTALL = YES;
				SWIFT_VERSION = 3.0;
			};
			name = Release;
		};
		5A98036A1E5FE60E00BFFB0A /* Debug */ = {
			isa = XCBuildConfiguration;
			buildSettings = {
				ALWAYS_EMBED_SWIFT_STANDARD_LIBRARIES = YES;
				COMBINE_HIDPI_IMAGES = YES;
				FRAMEWORK_SEARCH_PATHS = (
					"$(inherited)",
					"$(PROJECT_DIR)/Carthage/Build/Mac",
				);
				INFOPLIST_FILE = SignalRClientTests/Info.plist;
				LD_RUNPATH_SEARCH_PATHS = "$(inherited) @executable_path/../Frameworks @loader_path/../Frameworks";
				PRODUCT_BUNDLE_IDENTIFIER = moozzyk.SignalRClientTests;
				PRODUCT_NAME = "$(TARGET_NAME)";
				SWIFT_VERSION = 3.0;
			};
			name = Debug;
		};
		5A98036B1E5FE60E00BFFB0A /* Release */ = {
			isa = XCBuildConfiguration;
			buildSettings = {
				ALWAYS_EMBED_SWIFT_STANDARD_LIBRARIES = YES;
				COMBINE_HIDPI_IMAGES = YES;
				FRAMEWORK_SEARCH_PATHS = (
					"$(inherited)",
					"$(PROJECT_DIR)/Carthage/Build/Mac",
				);
				INFOPLIST_FILE = SignalRClientTests/Info.plist;
				LD_RUNPATH_SEARCH_PATHS = "$(inherited) @executable_path/../Frameworks @loader_path/../Frameworks";
				PRODUCT_BUNDLE_IDENTIFIER = moozzyk.SignalRClientTests;
				PRODUCT_NAME = "$(TARGET_NAME)";
				SWIFT_VERSION = 3.0;
			};
			name = Release;
		};
		5A9A81661E63CAE100FE62A6 /* Debug */ = {
			isa = XCBuildConfiguration;
			buildSettings = {
				ALWAYS_EMBED_SWIFT_STANDARD_LIBRARIES = YES;
				ASSETCATALOG_COMPILER_APPICON_NAME = AppIcon;
				COMBINE_HIDPI_IMAGES = YES;
				FRAMEWORK_SEARCH_PATHS = (
					"$(inherited)",
					"$(PROJECT_DIR)/Carthage/Build/Mac",
				);
				INFOPLIST_FILE = SocketsSample/Info.plist;
				LD_RUNPATH_SEARCH_PATHS = "$(inherited) @executable_path/../Frameworks";
				PRODUCT_BUNDLE_IDENTIFIER = moozzyk.SocketsSample;
				PRODUCT_NAME = "$(TARGET_NAME)";
				SWIFT_VERSION = 3.0;
			};
			name = Debug;
		};
		5A9A81671E63CAE100FE62A6 /* Release */ = {
			isa = XCBuildConfiguration;
			buildSettings = {
				ALWAYS_EMBED_SWIFT_STANDARD_LIBRARIES = YES;
				ASSETCATALOG_COMPILER_APPICON_NAME = AppIcon;
				COMBINE_HIDPI_IMAGES = YES;
				FRAMEWORK_SEARCH_PATHS = (
					"$(inherited)",
					"$(PROJECT_DIR)/Carthage/Build/Mac",
				);
				INFOPLIST_FILE = SocketsSample/Info.plist;
				LD_RUNPATH_SEARCH_PATHS = "$(inherited) @executable_path/../Frameworks";
				PRODUCT_BUNDLE_IDENTIFIER = moozzyk.SocketsSample;
				PRODUCT_NAME = "$(TARGET_NAME)";
				SWIFT_VERSION = 3.0;
			};
			name = Release;
		};
/* End XCBuildConfiguration section */

/* Begin XCConfigurationList section */
		5A98034C1E5FE60E00BFFB0A /* Build configuration list for PBXProject "SignalRClient" */ = {
			isa = XCConfigurationList;
			buildConfigurations = (
				5A9803641E5FE60E00BFFB0A /* Debug */,
				5A9803651E5FE60E00BFFB0A /* Release */,
			);
			defaultConfigurationIsVisible = 0;
			defaultConfigurationName = Release;
		};
		5A9803661E5FE60E00BFFB0A /* Build configuration list for PBXNativeTarget "SignalRClient" */ = {
			isa = XCConfigurationList;
			buildConfigurations = (
				5A9803671E5FE60E00BFFB0A /* Debug */,
				5A9803681E5FE60E00BFFB0A /* Release */,
			);
			defaultConfigurationIsVisible = 0;
			defaultConfigurationName = Release;
		};
		5A9803691E5FE60E00BFFB0A /* Build configuration list for PBXNativeTarget "SignalRClientTests" */ = {
			isa = XCConfigurationList;
			buildConfigurations = (
				5A98036A1E5FE60E00BFFB0A /* Debug */,
				5A98036B1E5FE60E00BFFB0A /* Release */,
			);
			defaultConfigurationIsVisible = 0;
			defaultConfigurationName = Release;
		};
		5A9A81651E63CAE100FE62A6 /* Build configuration list for PBXNativeTarget "SocketsSample" */ = {
			isa = XCConfigurationList;
			buildConfigurations = (
				5A9A81661E63CAE100FE62A6 /* Debug */,
				5A9A81671E63CAE100FE62A6 /* Release */,
			);
			defaultConfigurationIsVisible = 0;
			defaultConfigurationName = Release;
		};
/* End XCConfigurationList section */
	};
	rootObject = 5A9803491E5FE60E00BFFB0A /* Project object */;
}
