// !$*UTF8*$!
{
	archiveVersion = 1;
	classes = {
	};
	objectVersion = 46;
	objects = {

/* Begin PBXAggregateTarget section */
		"SignalRClient::SignalRClientPackageTests::ProductTarget" /* SignalRClientPackageTests */ = {
			isa = PBXAggregateTarget;
			buildConfigurationList = OBJ_100 /* Build configuration list for PBXAggregateTarget "SignalRClientPackageTests" */;
			buildPhases = (
			);
			dependencies = (
				OBJ_103 /* PBXTargetDependency */,
			);
			name = SignalRClientPackageTests;
			productName = SignalRClientPackageTests;
		};
/* End PBXAggregateTarget section */

/* Begin PBXBuildFile section */
		415F5B7024BCA6650071CE5C /* LongPollingTransport.swift in Sources */ = {isa = PBXBuildFile; fileRef = 415F5B6F24BCA6650071CE5C /* LongPollingTransport.swift */; };
		415F5B7624BDCB270071CE5C /* LongPollingTransportTests.swift in Sources */ = {isa = PBXBuildFile; fileRef = 415F5B7424BDCB1F0071CE5C /* LongPollingTransportTests.swift */; };
		415F5B7824BDCBC60071CE5C /* TestTransportDelegate.swift in Sources */ = {isa = PBXBuildFile; fileRef = 415F5B7724BDCBC60071CE5C /* TestTransportDelegate.swift */; };
		5ACE4BD82382688200F665B6 /* ReconnectableConnection.swift in Sources */ = {isa = PBXBuildFile; fileRef = 5ACE4BD72382688200F665B6 /* ReconnectableConnection.swift */; };
		5ACE4BDA2382701000F665B6 /* ReconnectPolicy.swift in Sources */ = {isa = PBXBuildFile; fileRef = 5ACE4BD92382701000F665B6 /* ReconnectPolicy.swift */; };
		5ACE4BE1238274B500F665B6 /* ReconnectPolicyTests.swift in Sources */ = {isa = PBXBuildFile; fileRef = 5ACE4BDF238273DA00F665B6 /* ReconnectPolicyTests.swift */; };
		5AFBA01C238A4C2800A9B5C7 /* ReconnectableConnectionTests.swift in Sources */ = {isa = PBXBuildFile; fileRef = 5AFBA01B238A4C2800A9B5C7 /* ReconnectableConnectionTests.swift */; };
		5AFBA01E238A554B00A9B5C7 /* Fakes.swift in Sources */ = {isa = PBXBuildFile; fileRef = 5AFBA01D238A554B00A9B5C7 /* Fakes.swift */; };
		86F386E3262B82140049CAD8 /* ClientCertificateOptions.swift in Sources */ = {isa = PBXBuildFile; fileRef = 86F386E2262B82140049CAD8 /* ClientCertificateOptions.swift */; };
		86F386ED262B832B0049CAD8 /* PKCS12Extractor.swift in Sources */ = {isa = PBXBuildFile; fileRef = 86F386EC262B832B0049CAD8 /* PKCS12Extractor.swift */; };
		OBJ_109 /* Constants.swift in Sources */ = {isa = PBXBuildFile; fileRef = OBJ_39 /* Constants.swift */; };
		OBJ_110 /* HandshakeProtocolTests.swift in Sources */ = {isa = PBXBuildFile; fileRef = OBJ_40 /* HandshakeProtocolTests.swift */; };
		OBJ_111 /* HttpConnectionTests.swift in Sources */ = {isa = PBXBuildFile; fileRef = OBJ_41 /* HttpConnectionTests.swift */; };
		OBJ_112 /* HubConnectionExtensionsTests.swift in Sources */ = {isa = PBXBuildFile; fileRef = OBJ_42 /* HubConnectionExtensionsTests.swift */; };
		OBJ_113 /* HubConnectionTests.swift in Sources */ = {isa = PBXBuildFile; fileRef = OBJ_43 /* HubConnectionTests.swift */; };
		OBJ_114 /* HubProtocolFake.swift in Sources */ = {isa = PBXBuildFile; fileRef = OBJ_44 /* HubProtocolFake.swift */; };
		OBJ_115 /* JSONHubProtocolTests.swift in Sources */ = {isa = PBXBuildFile; fileRef = OBJ_45 /* JSONHubProtocolTests.swift */; };
		OBJ_116 /* LoggerTests.swift in Sources */ = {isa = PBXBuildFile; fileRef = OBJ_46 /* LoggerTests.swift */; };
		OBJ_117 /* NegotiationResponseTests.swift in Sources */ = {isa = PBXBuildFile; fileRef = OBJ_47 /* NegotiationResponseTests.swift */; };
		OBJ_118 /* ServerInvocationHandlerTests.swift in Sources */ = {isa = PBXBuildFile; fileRef = OBJ_48 /* ServerInvocationHandlerTests.swift */; };
		OBJ_119 /* TestTransport.swift in Sources */ = {isa = PBXBuildFile; fileRef = OBJ_49 /* TestTransport.swift */; };
		OBJ_120 /* TransportTypeTests.swift in Sources */ = {isa = PBXBuildFile; fileRef = OBJ_50 /* TransportTypeTests.swift */; };
		OBJ_121 /* WebsocketsTransportTests.swift in Sources */ = {isa = PBXBuildFile; fileRef = OBJ_51 /* WebsocketsTransportTests.swift */; };
		OBJ_123 /* SignalRClient.framework in Frameworks */ = {isa = PBXBuildFile; fileRef = "SignalRClient::SignalRClient::Product" /* SignalRClient.framework */; };
		OBJ_64 /* CodableHelpers.swift in Sources */ = {isa = PBXBuildFile; fileRef = OBJ_9 /* CodableHelpers.swift */; };
		OBJ_65 /* Connection.swift in Sources */ = {isa = PBXBuildFile; fileRef = OBJ_10 /* Connection.swift */; };
		OBJ_66 /* ConnectionDelegate.swift in Sources */ = {isa = PBXBuildFile; fileRef = OBJ_11 /* ConnectionDelegate.swift */; };
		OBJ_67 /* DefaultHttpClient.swift in Sources */ = {isa = PBXBuildFile; fileRef = OBJ_12 /* DefaultHttpClient.swift */; };
		OBJ_68 /* DefaultTransportFactory.swift in Sources */ = {isa = PBXBuildFile; fileRef = OBJ_13 /* DefaultTransportFactory.swift */; };
		OBJ_69 /* HandshakeProtocol.swift in Sources */ = {isa = PBXBuildFile; fileRef = OBJ_14 /* HandshakeProtocol.swift */; };
		OBJ_70 /* HttpClientProtocol.swift in Sources */ = {isa = PBXBuildFile; fileRef = OBJ_15 /* HttpClientProtocol.swift */; };
		OBJ_71 /* HttpConnection.swift in Sources */ = {isa = PBXBuildFile; fileRef = OBJ_16 /* HttpConnection.swift */; };
		OBJ_72 /* HttpConnectionOptions.swift in Sources */ = {isa = PBXBuildFile; fileRef = OBJ_17 /* HttpConnectionOptions.swift */; };
		OBJ_73 /* HttpResponse.swift in Sources */ = {isa = PBXBuildFile; fileRef = OBJ_18 /* HttpResponse.swift */; };
		OBJ_74 /* HubConnection.swift in Sources */ = {isa = PBXBuildFile; fileRef = OBJ_19 /* HubConnection.swift */; };
		OBJ_75 /* HubConnectionBuilder.swift in Sources */ = {isa = PBXBuildFile; fileRef = OBJ_20 /* HubConnectionBuilder.swift */; };
		OBJ_76 /* HubConnectionDelegate.swift in Sources */ = {isa = PBXBuildFile; fileRef = OBJ_21 /* HubConnectionDelegate.swift */; };
		OBJ_77 /* HubConnectionExtensions.swift in Sources */ = {isa = PBXBuildFile; fileRef = OBJ_22 /* HubConnectionExtensions.swift */; };
		OBJ_78 /* HubProtocol.swift in Sources */ = {isa = PBXBuildFile; fileRef = OBJ_23 /* HubProtocol.swift */; };
		OBJ_79 /* JSONHubProtocol.swift in Sources */ = {isa = PBXBuildFile; fileRef = OBJ_24 /* JSONHubProtocol.swift */; };
		OBJ_80 /* Logger.swift in Sources */ = {isa = PBXBuildFile; fileRef = OBJ_25 /* Logger.swift */; };
		OBJ_81 /* NegotiationResponse.swift in Sources */ = {isa = PBXBuildFile; fileRef = OBJ_26 /* NegotiationResponse.swift */; };
		OBJ_82 /* ServerInvocationHandler.swift in Sources */ = {isa = PBXBuildFile; fileRef = OBJ_27 /* ServerInvocationHandler.swift */; };
		OBJ_83 /* SignalRError.swift in Sources */ = {isa = PBXBuildFile; fileRef = OBJ_28 /* SignalRError.swift */; };
		OBJ_84 /* StreamHandle.swift in Sources */ = {isa = PBXBuildFile; fileRef = OBJ_29 /* StreamHandle.swift */; };
		OBJ_85 /* TransferFormat.swift in Sources */ = {isa = PBXBuildFile; fileRef = OBJ_30 /* TransferFormat.swift */; };
		OBJ_86 /* Transport.swift in Sources */ = {isa = PBXBuildFile; fileRef = OBJ_31 /* Transport.swift */; };
		OBJ_87 /* TransportDelegate.swift in Sources */ = {isa = PBXBuildFile; fileRef = OBJ_32 /* TransportDelegate.swift */; };
		OBJ_88 /* TransportType.swift in Sources */ = {isa = PBXBuildFile; fileRef = OBJ_33 /* TransportType.swift */; };
		OBJ_89 /* Util.swift in Sources */ = {isa = PBXBuildFile; fileRef = OBJ_34 /* Util.swift */; };
		OBJ_91 /* WebsocketsTransport.swift in Sources */ = {isa = PBXBuildFile; fileRef = OBJ_36 /* WebsocketsTransport.swift */; };
		OBJ_98 /* Package.swift in Sources */ = {isa = PBXBuildFile; fileRef = OBJ_6 /* Package.swift */; };
/* End PBXBuildFile section */

/* Begin PBXContainerItemProxy section */
		5AC7760E2341B90800486117 /* PBXContainerItemProxy */ = {
			isa = PBXContainerItemProxy;
			containerPortal = OBJ_1 /* Project object */;
			proxyType = 1;
			remoteGlobalIDString = "SignalRClient::SignalRClient";
			remoteInfo = SignalRClient;
		};
		5AC776112341BB6F00486117 /* PBXContainerItemProxy */ = {
			isa = PBXContainerItemProxy;
			containerPortal = OBJ_1 /* Project object */;
			proxyType = 1;
			remoteGlobalIDString = "SignalRClient::SignalRClientTests";
			remoteInfo = SignalRClientTests;
		};
/* End PBXContainerItemProxy section */

/* Begin PBXFileReference section */
		415F5B6F24BCA6650071CE5C /* LongPollingTransport.swift */ = {isa = PBXFileReference; lastKnownFileType = sourcecode.swift; path = LongPollingTransport.swift; sourceTree = "<group>"; };
		415F5B7424BDCB1F0071CE5C /* LongPollingTransportTests.swift */ = {isa = PBXFileReference; lastKnownFileType = sourcecode.swift; path = LongPollingTransportTests.swift; sourceTree = "<group>"; };
		415F5B7724BDCBC60071CE5C /* TestTransportDelegate.swift */ = {isa = PBXFileReference; lastKnownFileType = sourcecode.swift; path = TestTransportDelegate.swift; sourceTree = "<group>"; };
		5AC776102341BB6C00486117 /* libz.tbd */ = {isa = PBXFileReference; lastKnownFileType = "sourcecode.text-based-dylib-definition"; name = libz.tbd; path = usr/lib/libz.tbd; sourceTree = SDKROOT; };
		5ACE4BD72382688200F665B6 /* ReconnectableConnection.swift */ = {isa = PBXFileReference; lastKnownFileType = sourcecode.swift; path = ReconnectableConnection.swift; sourceTree = "<group>"; };
		5ACE4BD92382701000F665B6 /* ReconnectPolicy.swift */ = {isa = PBXFileReference; lastKnownFileType = sourcecode.swift; path = ReconnectPolicy.swift; sourceTree = "<group>"; };
		5ACE4BDF238273DA00F665B6 /* ReconnectPolicyTests.swift */ = {isa = PBXFileReference; lastKnownFileType = sourcecode.swift; path = ReconnectPolicyTests.swift; sourceTree = "<group>"; };
		5AFBA01B238A4C2800A9B5C7 /* ReconnectableConnectionTests.swift */ = {isa = PBXFileReference; lastKnownFileType = sourcecode.swift; path = ReconnectableConnectionTests.swift; sourceTree = "<group>"; };
		5AFBA01D238A554B00A9B5C7 /* Fakes.swift */ = {isa = PBXFileReference; lastKnownFileType = sourcecode.swift; path = Fakes.swift; sourceTree = "<group>"; };
		86F386E2262B82140049CAD8 /* ClientCertificateOptions.swift */ = {isa = PBXFileReference; lastKnownFileType = sourcecode.swift; path = ClientCertificateOptions.swift; sourceTree = "<group>"; };
		86F386EC262B832B0049CAD8 /* PKCS12Extractor.swift */ = {isa = PBXFileReference; lastKnownFileType = sourcecode.swift; path = PKCS12Extractor.swift; sourceTree = "<group>"; };
		OBJ_10 /* Connection.swift */ = {isa = PBXFileReference; lastKnownFileType = sourcecode.swift; path = Connection.swift; sourceTree = "<group>"; };
		OBJ_11 /* ConnectionDelegate.swift */ = {isa = PBXFileReference; lastKnownFileType = sourcecode.swift; path = ConnectionDelegate.swift; sourceTree = "<group>"; };
		OBJ_12 /* DefaultHttpClient.swift */ = {isa = PBXFileReference; lastKnownFileType = sourcecode.swift; path = DefaultHttpClient.swift; sourceTree = "<group>"; };
		OBJ_13 /* DefaultTransportFactory.swift */ = {isa = PBXFileReference; lastKnownFileType = sourcecode.swift; path = DefaultTransportFactory.swift; sourceTree = "<group>"; };
		OBJ_14 /* HandshakeProtocol.swift */ = {isa = PBXFileReference; lastKnownFileType = sourcecode.swift; path = HandshakeProtocol.swift; sourceTree = "<group>"; };
		OBJ_15 /* HttpClientProtocol.swift */ = {isa = PBXFileReference; lastKnownFileType = sourcecode.swift; path = HttpClientProtocol.swift; sourceTree = "<group>"; };
		OBJ_16 /* HttpConnection.swift */ = {isa = PBXFileReference; lastKnownFileType = sourcecode.swift; path = HttpConnection.swift; sourceTree = "<group>"; };
		OBJ_17 /* HttpConnectionOptions.swift */ = {isa = PBXFileReference; lastKnownFileType = sourcecode.swift; path = HttpConnectionOptions.swift; sourceTree = "<group>"; };
		OBJ_18 /* HttpResponse.swift */ = {isa = PBXFileReference; lastKnownFileType = sourcecode.swift; path = HttpResponse.swift; sourceTree = "<group>"; };
		OBJ_19 /* HubConnection.swift */ = {isa = PBXFileReference; lastKnownFileType = sourcecode.swift; path = HubConnection.swift; sourceTree = "<group>"; };
		OBJ_20 /* HubConnectionBuilder.swift */ = {isa = PBXFileReference; lastKnownFileType = sourcecode.swift; path = HubConnectionBuilder.swift; sourceTree = "<group>"; };
		OBJ_21 /* HubConnectionDelegate.swift */ = {isa = PBXFileReference; lastKnownFileType = sourcecode.swift; path = HubConnectionDelegate.swift; sourceTree = "<group>"; };
		OBJ_22 /* HubConnectionExtensions.swift */ = {isa = PBXFileReference; lastKnownFileType = sourcecode.swift; path = HubConnectionExtensions.swift; sourceTree = "<group>"; };
		OBJ_23 /* HubProtocol.swift */ = {isa = PBXFileReference; lastKnownFileType = sourcecode.swift; path = HubProtocol.swift; sourceTree = "<group>"; };
		OBJ_24 /* JSONHubProtocol.swift */ = {isa = PBXFileReference; lastKnownFileType = sourcecode.swift; path = JSONHubProtocol.swift; sourceTree = "<group>"; };
		OBJ_25 /* Logger.swift */ = {isa = PBXFileReference; lastKnownFileType = sourcecode.swift; path = Logger.swift; sourceTree = "<group>"; };
		OBJ_26 /* NegotiationResponse.swift */ = {isa = PBXFileReference; lastKnownFileType = sourcecode.swift; path = NegotiationResponse.swift; sourceTree = "<group>"; };
		OBJ_27 /* ServerInvocationHandler.swift */ = {isa = PBXFileReference; lastKnownFileType = sourcecode.swift; path = ServerInvocationHandler.swift; sourceTree = "<group>"; };
		OBJ_28 /* SignalRError.swift */ = {isa = PBXFileReference; lastKnownFileType = sourcecode.swift; path = SignalRError.swift; sourceTree = "<group>"; };
		OBJ_29 /* StreamHandle.swift */ = {isa = PBXFileReference; lastKnownFileType = sourcecode.swift; path = StreamHandle.swift; sourceTree = "<group>"; };
		OBJ_30 /* TransferFormat.swift */ = {isa = PBXFileReference; lastKnownFileType = sourcecode.swift; path = TransferFormat.swift; sourceTree = "<group>"; };
		OBJ_31 /* Transport.swift */ = {isa = PBXFileReference; lastKnownFileType = sourcecode.swift; path = Transport.swift; sourceTree = "<group>"; };
		OBJ_32 /* TransportDelegate.swift */ = {isa = PBXFileReference; lastKnownFileType = sourcecode.swift; path = TransportDelegate.swift; sourceTree = "<group>"; };
		OBJ_33 /* TransportType.swift */ = {isa = PBXFileReference; lastKnownFileType = sourcecode.swift; path = TransportType.swift; sourceTree = "<group>"; };
		OBJ_34 /* Util.swift */ = {isa = PBXFileReference; lastKnownFileType = sourcecode.swift; path = Util.swift; sourceTree = "<group>"; };
		OBJ_36 /* WebsocketsTransport.swift */ = {isa = PBXFileReference; lastKnownFileType = sourcecode.swift; path = WebsocketsTransport.swift; sourceTree = "<group>"; };
		OBJ_39 /* Constants.swift */ = {isa = PBXFileReference; lastKnownFileType = sourcecode.swift; path = Constants.swift; sourceTree = "<group>"; };
		OBJ_40 /* HandshakeProtocolTests.swift */ = {isa = PBXFileReference; lastKnownFileType = sourcecode.swift; path = HandshakeProtocolTests.swift; sourceTree = "<group>"; };
		OBJ_41 /* HttpConnectionTests.swift */ = {isa = PBXFileReference; lastKnownFileType = sourcecode.swift; path = HttpConnectionTests.swift; sourceTree = "<group>"; };
		OBJ_42 /* HubConnectionExtensionsTests.swift */ = {isa = PBXFileReference; lastKnownFileType = sourcecode.swift; path = HubConnectionExtensionsTests.swift; sourceTree = "<group>"; };
		OBJ_43 /* HubConnectionTests.swift */ = {isa = PBXFileReference; lastKnownFileType = sourcecode.swift; path = HubConnectionTests.swift; sourceTree = "<group>"; };
		OBJ_44 /* HubProtocolFake.swift */ = {isa = PBXFileReference; lastKnownFileType = sourcecode.swift; path = HubProtocolFake.swift; sourceTree = "<group>"; };
		OBJ_45 /* JSONHubProtocolTests.swift */ = {isa = PBXFileReference; lastKnownFileType = sourcecode.swift; path = JSONHubProtocolTests.swift; sourceTree = "<group>"; };
		OBJ_46 /* LoggerTests.swift */ = {isa = PBXFileReference; lastKnownFileType = sourcecode.swift; path = LoggerTests.swift; sourceTree = "<group>"; };
		OBJ_47 /* NegotiationResponseTests.swift */ = {isa = PBXFileReference; lastKnownFileType = sourcecode.swift; path = NegotiationResponseTests.swift; sourceTree = "<group>"; };
		OBJ_48 /* ServerInvocationHandlerTests.swift */ = {isa = PBXFileReference; lastKnownFileType = sourcecode.swift; path = ServerInvocationHandlerTests.swift; sourceTree = "<group>"; };
		OBJ_49 /* TestTransport.swift */ = {isa = PBXFileReference; lastKnownFileType = sourcecode.swift; path = TestTransport.swift; sourceTree = "<group>"; };
		OBJ_50 /* TransportTypeTests.swift */ = {isa = PBXFileReference; lastKnownFileType = sourcecode.swift; path = TransportTypeTests.swift; sourceTree = "<group>"; };
		OBJ_51 /* WebsocketsTransportTests.swift */ = {isa = PBXFileReference; lastKnownFileType = sourcecode.swift; path = WebsocketsTransportTests.swift; sourceTree = "<group>"; };
		OBJ_55 /* Examples */ = {isa = PBXFileReference; lastKnownFileType = folder; path = Examples; sourceTree = SOURCE_ROOT; };
		OBJ_56 /* LICENSE */ = {isa = PBXFileReference; lastKnownFileType = text; path = LICENSE; sourceTree = "<group>"; };
		OBJ_57 /* SwiftSignalRClient.podspec */ = {isa = PBXFileReference; lastKnownFileType = text; path = SwiftSignalRClient.podspec; sourceTree = "<group>"; };
		OBJ_58 /* README.md */ = {isa = PBXFileReference; lastKnownFileType = net.daringfireball.markdown; path = README.md; sourceTree = "<group>"; };
		OBJ_6 /* Package.swift */ = {isa = PBXFileReference; explicitFileType = sourcecode.swift; path = Package.swift; sourceTree = "<group>"; };
		OBJ_9 /* CodableHelpers.swift */ = {isa = PBXFileReference; lastKnownFileType = sourcecode.swift; path = CodableHelpers.swift; sourceTree = "<group>"; };
		"SignalRClient::SignalRClient::Product" /* SignalRClient.framework */ = {isa = PBXFileReference; explicitFileType = wrapper.framework; path = SignalRClient.framework; sourceTree = BUILT_PRODUCTS_DIR; };
		"SignalRClient::SignalRClientTests::Product" /* SignalRClientTests.xctest */ = {isa = PBXFileReference; explicitFileType = wrapper.cfbundle; path = SignalRClientTests.xctest; sourceTree = BUILT_PRODUCTS_DIR; };
/* End PBXFileReference section */

/* Begin PBXFrameworksBuildPhase section */
		OBJ_122 /* Frameworks */ = {
			isa = PBXFrameworksBuildPhase;
			buildActionMask = 0;
			files = (
				OBJ_123 /* SignalRClient.framework in Frameworks */,
			);
			runOnlyForDeploymentPostprocessing = 0;
		};
		OBJ_92 /* Frameworks */ = {
			isa = PBXFrameworksBuildPhase;
			buildActionMask = 0;
			files = (
			);
			runOnlyForDeploymentPostprocessing = 0;
		};
/* End PBXFrameworksBuildPhase section */

/* Begin PBXGroup section */
		5AC7760F2341BB6C00486117 /* Frameworks */ = {
			isa = PBXGroup;
			children = (
				5AC776102341BB6C00486117 /* libz.tbd */,
			);
			name = Frameworks;
			sourceTree = "<group>";
		};
		OBJ_37 /* Tests */ = {
			isa = PBXGroup;
			children = (
				OBJ_38 /* SignalRClientTests */,
			);
			name = Tests;
			sourceTree = SOURCE_ROOT;
		};
		OBJ_38 /* SignalRClientTests */ = {
			isa = PBXGroup;
			children = (
				OBJ_39 /* Constants.swift */,
				OBJ_40 /* HandshakeProtocolTests.swift */,
				OBJ_41 /* HttpConnectionTests.swift */,
				OBJ_42 /* HubConnectionExtensionsTests.swift */,
				OBJ_43 /* HubConnectionTests.swift */,
				OBJ_44 /* HubProtocolFake.swift */,
				OBJ_45 /* JSONHubProtocolTests.swift */,
				OBJ_46 /* LoggerTests.swift */,
				OBJ_47 /* NegotiationResponseTests.swift */,
				OBJ_48 /* ServerInvocationHandlerTests.swift */,
				OBJ_49 /* TestTransport.swift */,
				415F5B7724BDCBC60071CE5C /* TestTransportDelegate.swift */,
				OBJ_50 /* TransportTypeTests.swift */,
				OBJ_51 /* WebsocketsTransportTests.swift */,
				415F5B7424BDCB1F0071CE5C /* LongPollingTransportTests.swift */,
				5ACE4BDF238273DA00F665B6 /* ReconnectPolicyTests.swift */,
				5AFBA01B238A4C2800A9B5C7 /* ReconnectableConnectionTests.swift */,
				5AFBA01D238A554B00A9B5C7 /* Fakes.swift */,
			);
			name = SignalRClientTests;
			path = Tests/SignalRClientTests;
			sourceTree = SOURCE_ROOT;
		};
		OBJ_5 = {
			isa = PBXGroup;
			children = (
				OBJ_6 /* Package.swift */,
				OBJ_7 /* Sources */,
				OBJ_37 /* Tests */,
				OBJ_52 /* Products */,
				OBJ_55 /* Examples */,
				OBJ_56 /* LICENSE */,
				OBJ_57 /* SwiftSignalRClient.podspec */,
				OBJ_58 /* README.md */,
				5AC7760F2341BB6C00486117 /* Frameworks */,
			);
			sourceTree = "<group>";
		};
		OBJ_52 /* Products */ = {
			isa = PBXGroup;
			children = (
				"SignalRClient::SignalRClient::Product" /* SignalRClient.framework */,
				"SignalRClient::SignalRClientTests::Product" /* SignalRClientTests.xctest */,
			);
			name = Products;
			sourceTree = BUILT_PRODUCTS_DIR;
		};
		OBJ_7 /* Sources */ = {
			isa = PBXGroup;
			children = (
				OBJ_8 /* SignalRClient */,
			);
			name = Sources;
			sourceTree = SOURCE_ROOT;
		};
		OBJ_8 /* SignalRClient */ = {
			isa = PBXGroup;
			children = (
				OBJ_9 /* CodableHelpers.swift */,
				OBJ_10 /* Connection.swift */,
				OBJ_11 /* ConnectionDelegate.swift */,
				OBJ_12 /* DefaultHttpClient.swift */,
				OBJ_13 /* DefaultTransportFactory.swift */,
				OBJ_14 /* HandshakeProtocol.swift */,
				OBJ_15 /* HttpClientProtocol.swift */,
				OBJ_16 /* HttpConnection.swift */,
				OBJ_17 /* HttpConnectionOptions.swift */,
				OBJ_18 /* HttpResponse.swift */,
				OBJ_19 /* HubConnection.swift */,
				OBJ_20 /* HubConnectionBuilder.swift */,
				OBJ_21 /* HubConnectionDelegate.swift */,
				OBJ_22 /* HubConnectionExtensions.swift */,
				OBJ_23 /* HubProtocol.swift */,
				OBJ_24 /* JSONHubProtocol.swift */,
				OBJ_25 /* Logger.swift */,
				OBJ_26 /* NegotiationResponse.swift */,
				OBJ_27 /* ServerInvocationHandler.swift */,
				OBJ_28 /* SignalRError.swift */,
				OBJ_29 /* StreamHandle.swift */,
				OBJ_30 /* TransferFormat.swift */,
				OBJ_31 /* Transport.swift */,
				OBJ_32 /* TransportDelegate.swift */,
				OBJ_33 /* TransportType.swift */,
				OBJ_34 /* Util.swift */,
				OBJ_36 /* WebsocketsTransport.swift */,
				415F5B6F24BCA6650071CE5C /* LongPollingTransport.swift */,
				5ACE4BD72382688200F665B6 /* ReconnectableConnection.swift */,
				5ACE4BD92382701000F665B6 /* ReconnectPolicy.swift */,
				86F386E2262B82140049CAD8 /* ClientCertificateOptions.swift */,
				86F386EC262B832B0049CAD8 /* PKCS12Extractor.swift */,
			);
			name = SignalRClient;
			path = Sources/SignalRClient;
			sourceTree = SOURCE_ROOT;
		};
/* End PBXGroup section */

/* Begin PBXNativeTarget section */
		"SignalRClient::SignalRClient" /* SignalRClient */ = {
			isa = PBXNativeTarget;
			buildConfigurationList = OBJ_60 /* Build configuration list for PBXNativeTarget "SignalRClient" */;
			buildPhases = (
				OBJ_63 /* Sources */,
				OBJ_92 /* Frameworks */,
			);
			buildRules = (
			);
			dependencies = (
			);
			name = SignalRClient;
			productName = SignalRClient;
			productReference = "SignalRClient::SignalRClient::Product" /* SignalRClient.framework */;
			productType = "com.apple.product-type.framework";
		};
		"SignalRClient::SignalRClientTests" /* SignalRClientTests */ = {
			isa = PBXNativeTarget;
			buildConfigurationList = OBJ_105 /* Build configuration list for PBXNativeTarget "SignalRClientTests" */;
			buildPhases = (
				OBJ_108 /* Sources */,
				OBJ_122 /* Frameworks */,
			);
			buildRules = (
			);
			dependencies = (
				OBJ_124 /* PBXTargetDependency */,
			);
			name = SignalRClientTests;
			productName = SignalRClientTests;
			productReference = "SignalRClient::SignalRClientTests::Product" /* SignalRClientTests.xctest */;
			productType = "com.apple.product-type.bundle.unit-test";
		};
		"SignalRClient::SwiftPMPackageDescription" /* SignalRClientPackageDescription */ = {
			isa = PBXNativeTarget;
			buildConfigurationList = OBJ_94 /* Build configuration list for PBXNativeTarget "SignalRClientPackageDescription" */;
			buildPhases = (
				OBJ_97 /* Sources */,
			);
			buildRules = (
			);
			dependencies = (
			);
			name = SignalRClientPackageDescription;
			productName = SignalRClientPackageDescription;
			productType = "com.apple.product-type.framework";
		};
/* End PBXNativeTarget section */

/* Begin PBXProject section */
		OBJ_1 /* Project object */ = {
			isa = PBXProject;
			attributes = {
				LastSwiftMigration = 9999;
				LastUpgradeCheck = 9999;
			};
			buildConfigurationList = OBJ_2 /* Build configuration list for PBXProject "SignalRClient" */;
			compatibilityVersion = "Xcode 3.2";
			developmentRegion = English;
			hasScannedForEncodings = 0;
			knownRegions = (
				English,
				en,
			);
			mainGroup = OBJ_5;
			productRefGroup = OBJ_52 /* Products */;
			projectDirPath = "";
			projectRoot = "";
			targets = (
				"SignalRClient::SignalRClient" /* SignalRClient */,
				"SignalRClient::SwiftPMPackageDescription" /* SignalRClientPackageDescription */,
				"SignalRClient::SignalRClientPackageTests::ProductTarget" /* SignalRClientPackageTests */,
				"SignalRClient::SignalRClientTests" /* SignalRClientTests */,
			);
		};
/* End PBXProject section */

/* Begin PBXSourcesBuildPhase section */
		OBJ_108 /* Sources */ = {
			isa = PBXSourcesBuildPhase;
			buildActionMask = 0;
			files = (
				5AFBA01E238A554B00A9B5C7 /* Fakes.swift in Sources */,
				OBJ_109 /* Constants.swift in Sources */,
				415F5B7624BDCB270071CE5C /* LongPollingTransportTests.swift in Sources */,
				OBJ_110 /* HandshakeProtocolTests.swift in Sources */,
				5AFBA01C238A4C2800A9B5C7 /* ReconnectableConnectionTests.swift in Sources */,
				OBJ_111 /* HttpConnectionTests.swift in Sources */,
				OBJ_112 /* HubConnectionExtensionsTests.swift in Sources */,
				5ACE4BE1238274B500F665B6 /* ReconnectPolicyTests.swift in Sources */,
				OBJ_113 /* HubConnectionTests.swift in Sources */,
				OBJ_114 /* HubProtocolFake.swift in Sources */,
				OBJ_115 /* JSONHubProtocolTests.swift in Sources */,
				OBJ_116 /* LoggerTests.swift in Sources */,
				OBJ_117 /* NegotiationResponseTests.swift in Sources */,
				OBJ_118 /* ServerInvocationHandlerTests.swift in Sources */,
				415F5B7824BDCBC60071CE5C /* TestTransportDelegate.swift in Sources */,
				OBJ_119 /* TestTransport.swift in Sources */,
				OBJ_120 /* TransportTypeTests.swift in Sources */,
				OBJ_121 /* WebsocketsTransportTests.swift in Sources */,
			);
			runOnlyForDeploymentPostprocessing = 0;
		};
		OBJ_63 /* Sources */ = {
			isa = PBXSourcesBuildPhase;
			buildActionMask = 0;
			files = (
				OBJ_64 /* CodableHelpers.swift in Sources */,
				OBJ_65 /* Connection.swift in Sources */,
				OBJ_66 /* ConnectionDelegate.swift in Sources */,
				OBJ_67 /* DefaultHttpClient.swift in Sources */,
				OBJ_68 /* DefaultTransportFactory.swift in Sources */,
				86F386ED262B832B0049CAD8 /* PKCS12Extractor.swift in Sources */,
				OBJ_69 /* HandshakeProtocol.swift in Sources */,
				OBJ_70 /* HttpClientProtocol.swift in Sources */,
				OBJ_71 /* HttpConnection.swift in Sources */,
				OBJ_72 /* HttpConnectionOptions.swift in Sources */,
				OBJ_73 /* HttpResponse.swift in Sources */,
				5ACE4BD82382688200F665B6 /* ReconnectableConnection.swift in Sources */,
				OBJ_74 /* HubConnection.swift in Sources */,
				OBJ_75 /* HubConnectionBuilder.swift in Sources */,
				OBJ_76 /* HubConnectionDelegate.swift in Sources */,
				OBJ_77 /* HubConnectionExtensions.swift in Sources */,
				OBJ_78 /* HubProtocol.swift in Sources */,
				OBJ_79 /* JSONHubProtocol.swift in Sources */,
				OBJ_80 /* Logger.swift in Sources */,
				OBJ_81 /* NegotiationResponse.swift in Sources */,
				OBJ_82 /* ServerInvocationHandler.swift in Sources */,
				415F5B7024BCA6650071CE5C /* LongPollingTransport.swift in Sources */,
				86F386E3262B82140049CAD8 /* ClientCertificateOptions.swift in Sources */,
				OBJ_83 /* SignalRError.swift in Sources */,
				OBJ_84 /* StreamHandle.swift in Sources */,
				OBJ_85 /* TransferFormat.swift in Sources */,
				OBJ_86 /* Transport.swift in Sources */,
				OBJ_87 /* TransportDelegate.swift in Sources */,
				OBJ_88 /* TransportType.swift in Sources */,
				OBJ_89 /* Util.swift in Sources */,
				5ACE4BDA2382701000F665B6 /* ReconnectPolicy.swift in Sources */,
				OBJ_91 /* WebsocketsTransport.swift in Sources */,
			);
			runOnlyForDeploymentPostprocessing = 0;
		};
		OBJ_97 /* Sources */ = {
			isa = PBXSourcesBuildPhase;
			buildActionMask = 0;
			files = (
				OBJ_98 /* Package.swift in Sources */,
			);
			runOnlyForDeploymentPostprocessing = 0;
		};
/* End PBXSourcesBuildPhase section */

/* Begin PBXTargetDependency section */
		OBJ_103 /* PBXTargetDependency */ = {
			isa = PBXTargetDependency;
			target = "SignalRClient::SignalRClientTests" /* SignalRClientTests */;
			targetProxy = 5AC776112341BB6F00486117 /* PBXContainerItemProxy */;
		};
		OBJ_124 /* PBXTargetDependency */ = {
			isa = PBXTargetDependency;
			target = "SignalRClient::SignalRClient" /* SignalRClient */;
			targetProxy = 5AC7760E2341B90800486117 /* PBXContainerItemProxy */;
		};
/* End PBXTargetDependency section */

/* Begin XCBuildConfiguration section */
		OBJ_101 /* Debug */ = {
			isa = XCBuildConfiguration;
			buildSettings = {
			};
			name = Debug;
		};
		OBJ_102 /* Release */ = {
			isa = XCBuildConfiguration;
			buildSettings = {
			};
			name = Release;
		};
		OBJ_106 /* Debug */ = {
			isa = XCBuildConfiguration;
			buildSettings = {
				CLANG_ENABLE_MODULES = YES;
				EMBEDDED_CONTENT_CONTAINS_SWIFT = YES;
				FRAMEWORK_SEARCH_PATHS = (
					"$(inherited)",
					"$(PLATFORM_DIR)/Developer/Library/Frameworks",
				);
				HEADER_SEARCH_PATHS = "$(inherited)";
				INFOPLIST_FILE = SignalRClient.xcodeproj/SignalRClientTests_Info.plist;
				LD_RUNPATH_SEARCH_PATHS = "$(inherited) @loader_path/../Frameworks @loader_path/Frameworks";
				MACOSX_DEPLOYMENT_TARGET = 10.15;
				OTHER_CFLAGS = "$(inherited)";
				OTHER_LDFLAGS = "$(inherited)";
				OTHER_SWIFT_FLAGS = "$(inherited)";
				SWIFT_ACTIVE_COMPILATION_CONDITIONS = "$(inherited)";
				SWIFT_VERSION = 5.0;
				TARGET_NAME = SignalRClientTests;
				TVOS_DEPLOYMENT_TARGET = 9.0;
				WATCHOS_DEPLOYMENT_TARGET = 2.0;
			};
			name = Debug;
		};
		OBJ_107 /* Release */ = {
			isa = XCBuildConfiguration;
			buildSettings = {
				CLANG_ENABLE_MODULES = YES;
				EMBEDDED_CONTENT_CONTAINS_SWIFT = YES;
				FRAMEWORK_SEARCH_PATHS = (
					"$(inherited)",
					"$(PLATFORM_DIR)/Developer/Library/Frameworks",
				);
				HEADER_SEARCH_PATHS = "$(inherited)";
				INFOPLIST_FILE = SignalRClient.xcodeproj/SignalRClientTests_Info.plist;
				LD_RUNPATH_SEARCH_PATHS = "$(inherited) @loader_path/../Frameworks @loader_path/Frameworks";
				MACOSX_DEPLOYMENT_TARGET = 10.15;
				OTHER_CFLAGS = "$(inherited)";
				OTHER_LDFLAGS = "$(inherited)";
				OTHER_SWIFT_FLAGS = "$(inherited)";
				SWIFT_ACTIVE_COMPILATION_CONDITIONS = "$(inherited)";
				SWIFT_VERSION = 5.0;
				TARGET_NAME = SignalRClientTests;
				TVOS_DEPLOYMENT_TARGET = 9.0;
				WATCHOS_DEPLOYMENT_TARGET = 2.0;
			};
			name = Release;
		};
		OBJ_3 /* Debug */ = {
			isa = XCBuildConfiguration;
			buildSettings = {
				CLANG_ENABLE_OBJC_ARC = YES;
				COMBINE_HIDPI_IMAGES = YES;
				COPY_PHASE_STRIP = NO;
				DEBUG_INFORMATION_FORMAT = dwarf;
				DYLIB_INSTALL_NAME_BASE = "@rpath";
				ENABLE_NS_ASSERTIONS = YES;
				GCC_OPTIMIZATION_LEVEL = 0;
				GCC_PREPROCESSOR_DEFINITIONS = (
					"$(inherited)",
					"SWIFT_PACKAGE=1",
					"DEBUG=1",
				);
				IPHONEOS_DEPLOYMENT_TARGET = 9.0;
				MACOSX_DEPLOYMENT_TARGET = 10.10;
				ONLY_ACTIVE_ARCH = YES;
				OTHER_SWIFT_FLAGS = "-DXcode";
				PRODUCT_NAME = "$(TARGET_NAME)";
				SDKROOT = macosx;
				SUPPORTED_PLATFORMS = "macosx iphoneos iphonesimulator appletvos appletvsimulator watchos watchsimulator";
				SWIFT_ACTIVE_COMPILATION_CONDITIONS = "$(inherited) SWIFT_PACKAGE DEBUG";
				SWIFT_OPTIMIZATION_LEVEL = "-Onone";
				USE_HEADERMAP = NO;
			};
			name = Debug;
		};
		OBJ_4 /* Release */ = {
			isa = XCBuildConfiguration;
			buildSettings = {
				CLANG_ENABLE_OBJC_ARC = YES;
				COMBINE_HIDPI_IMAGES = YES;
				COPY_PHASE_STRIP = YES;
				DEBUG_INFORMATION_FORMAT = "dwarf-with-dsym";
				DYLIB_INSTALL_NAME_BASE = "@rpath";
				GCC_OPTIMIZATION_LEVEL = s;
				GCC_PREPROCESSOR_DEFINITIONS = (
					"$(inherited)",
					"SWIFT_PACKAGE=1",
				);
				IPHONEOS_DEPLOYMENT_TARGET = 9.0;
				MACOSX_DEPLOYMENT_TARGET = 10.10;
				OTHER_SWIFT_FLAGS = "-DXcode";
				PRODUCT_NAME = "$(TARGET_NAME)";
				SDKROOT = macosx;
				SUPPORTED_PLATFORMS = "macosx iphoneos iphonesimulator appletvos appletvsimulator watchos watchsimulator";
				SWIFT_ACTIVE_COMPILATION_CONDITIONS = "$(inherited) SWIFT_PACKAGE";
				SWIFT_OPTIMIZATION_LEVEL = "-Owholemodule";
				USE_HEADERMAP = NO;
			};
			name = Release;
		};
		OBJ_61 /* Debug */ = {
			isa = XCBuildConfiguration;
			buildSettings = {
				CURRENT_PROJECT_VERSION = 1;
				ENABLE_TESTABILITY = YES;
				FRAMEWORK_SEARCH_PATHS = (
					"$(inherited)",
					"$(PLATFORM_DIR)/Developer/Library/Frameworks",
				);
				HEADER_SEARCH_PATHS = "$(inherited)";
				INFOPLIST_FILE = SignalRClient.xcodeproj/SignalRClient_Info.plist;
				LD_RUNPATH_SEARCH_PATHS = "$(inherited) $(TOOLCHAIN_DIR)/usr/lib/swift/macosx";
				MACOSX_DEPLOYMENT_TARGET = 10.10;
				OTHER_CFLAGS = "$(inherited)";
				OTHER_LDFLAGS = "$(inherited)";
				OTHER_SWIFT_FLAGS = "$(inherited)";
				PRODUCT_BUNDLE_IDENTIFIER = SignalRClient;
				PRODUCT_MODULE_NAME = "$(TARGET_NAME:c99extidentifier)";
				PRODUCT_NAME = "$(TARGET_NAME:c99extidentifier)";
				SKIP_INSTALL = YES;
				SWIFT_ACTIVE_COMPILATION_CONDITIONS = "$(inherited)";
				SWIFT_VERSION = 5.0;
				TARGET_NAME = SignalRClient;
				TVOS_DEPLOYMENT_TARGET = 9.0;
				WATCHOS_DEPLOYMENT_TARGET = 2.0;
			};
			name = Debug;
		};
		OBJ_62 /* Release */ = {
			isa = XCBuildConfiguration;
			buildSettings = {
				CURRENT_PROJECT_VERSION = 1;
				ENABLE_TESTABILITY = YES;
				FRAMEWORK_SEARCH_PATHS = (
					"$(inherited)",
					"$(PLATFORM_DIR)/Developer/Library/Frameworks",
				);
				HEADER_SEARCH_PATHS = "$(inherited)";
				INFOPLIST_FILE = SignalRClient.xcodeproj/SignalRClient_Info.plist;
				LD_RUNPATH_SEARCH_PATHS = "$(inherited) $(TOOLCHAIN_DIR)/usr/lib/swift/macosx";
				MACOSX_DEPLOYMENT_TARGET = 10.10;
				OTHER_CFLAGS = "$(inherited)";
				OTHER_LDFLAGS = "$(inherited)";
				OTHER_SWIFT_FLAGS = "$(inherited)";
				PRODUCT_BUNDLE_IDENTIFIER = SignalRClient;
				PRODUCT_MODULE_NAME = "$(TARGET_NAME:c99extidentifier)";
				PRODUCT_NAME = "$(TARGET_NAME:c99extidentifier)";
				SKIP_INSTALL = YES;
				SWIFT_ACTIVE_COMPILATION_CONDITIONS = "$(inherited)";
				SWIFT_VERSION = 5.0;
				TARGET_NAME = SignalRClient;
				TVOS_DEPLOYMENT_TARGET = 9.0;
				WATCHOS_DEPLOYMENT_TARGET = 2.0;
			};
			name = Release;
		};
		OBJ_95 /* Debug */ = {
			isa = XCBuildConfiguration;
			buildSettings = {
				LD = /usr/bin/true;
				OTHER_SWIFT_FLAGS = "-swift-version 5 -I $(TOOLCHAIN_DIR)/usr/lib/swift/pm/4_2 -target x86_64-apple-macosx10.10 -sdk /Applications/Xcode.app/Contents/Developer/Platforms/MacOSX.platform/Developer/SDKs/MacOSX10.14.sdk";
				SWIFT_VERSION = 5.0;
			};
			name = Debug;
		};
		OBJ_96 /* Release */ = {
			isa = XCBuildConfiguration;
			buildSettings = {
				LD = /usr/bin/true;
				OTHER_SWIFT_FLAGS = "-swift-version 5 -I $(TOOLCHAIN_DIR)/usr/lib/swift/pm/4_2 -target x86_64-apple-macosx10.10 -sdk /Applications/Xcode.app/Contents/Developer/Platforms/MacOSX.platform/Developer/SDKs/MacOSX10.14.sdk";
				SWIFT_VERSION = 5.0;
			};
			name = Release;
		};
/* End XCBuildConfiguration section */

/* Begin XCConfigurationList section */
		OBJ_100 /* Build configuration list for PBXAggregateTarget "SignalRClientPackageTests" */ = {
			isa = XCConfigurationList;
			buildConfigurations = (
				OBJ_101 /* Debug */,
				OBJ_102 /* Release */,
			);
			defaultConfigurationIsVisible = 0;
			defaultConfigurationName = Release;
		};
		OBJ_105 /* Build configuration list for PBXNativeTarget "SignalRClientTests" */ = {
			isa = XCConfigurationList;
			buildConfigurations = (
				OBJ_106 /* Debug */,
				OBJ_107 /* Release */,
			);
			defaultConfigurationIsVisible = 0;
			defaultConfigurationName = Release;
		};
		OBJ_2 /* Build configuration list for PBXProject "SignalRClient" */ = {
			isa = XCConfigurationList;
			buildConfigurations = (
				OBJ_3 /* Debug */,
				OBJ_4 /* Release */,
			);
			defaultConfigurationIsVisible = 0;
			defaultConfigurationName = Release;
		};
		OBJ_60 /* Build configuration list for PBXNativeTarget "SignalRClient" */ = {
			isa = XCConfigurationList;
			buildConfigurations = (
				OBJ_61 /* Debug */,
				OBJ_62 /* Release */,
			);
			defaultConfigurationIsVisible = 0;
			defaultConfigurationName = Release;
		};
		OBJ_94 /* Build configuration list for PBXNativeTarget "SignalRClientPackageDescription" */ = {
			isa = XCConfigurationList;
			buildConfigurations = (
				OBJ_95 /* Debug */,
				OBJ_96 /* Release */,
			);
			defaultConfigurationIsVisible = 0;
			defaultConfigurationName = Release;
		};
/* End XCConfigurationList section */
	};
	rootObject = OBJ_1 /* Project object */;
}
