PODS:
  - SwiftWebSocket (2.7.0)

DEPENDENCIES:
  - SwiftWebSocket (~> 2.7)

SPEC REPOS:
  https://github.com/CocoaPods/Specs.git:
    - SwiftWebSocket

SPEC CHECKSUMS:
  SwiftWebSocket: 612c9729fd503cb6b0b8b45390c788686dac306f

PODFILE CHECKSUM: 9c66a5c5568d403b205b561306afa348593a412b

COCOAPODS: 1.5.0
