PODS:
  - SwiftWebSocket (2.7.0)

DEPENDENCIES:
  - SwiftWebSocket (~> 2.7)

SPEC REPOS:
  https://github.com/CocoaPods/Specs.git:
    - SwiftWebSocket

SPEC CHECKSUMS:
  SwiftWebSocket: 612c9729fd503cb6b0b8b45390c788686dac306f

PODFILE CHECKSUM: 5beb4f4e2f58e495089a8fe3f007c479d2be66c8

COCOAPODS: 1.5.0
