// !$*UTF8*$!
{
	archiveVersion = 1;
	classes = {
	};
	objectVersion = 46;
	objects = {

/* Begin PBXBuildFile section */
		415F5B7224BCAC4C0071CE5C /* LongPollingTransport.swift in Sources */ = {isa = PBXBuildFile; fileRef = 415F5B7124BCAC4C0071CE5C /* LongPollingTransport.swift */; };
		415F5B7324BCAC500071CE5C /* LongPollingTransport.swift in Sources */ = {isa = PBXBuildFile; fileRef = 415F5B7124BCAC4C0071CE5C /* LongPollingTransport.swift */; };
		5A13255622B0CCBC0082C783 /* HubConnectionExtensions.swift in Sources */ = {isa = PBXBuildFile; fileRef = 5A13255522B0CCBC0082C783 /* HubConnectionExtensions.swift */; };
		5A13255722B0CCBC0082C783 /* HubConnectionExtensions.swift in Sources */ = {isa = PBXBuildFile; fileRef = 5A13255522B0CCBC0082C783 /* HubConnectionExtensions.swift */; };
		5A32F4E62079EB150091C185 /* SignalRClient.framework in Embed Frameworks */ = {isa = PBXBuildFile; fileRef = 5A406F3E2030F4960055671E /* SignalRClient.framework */; settings = {ATTRIBUTES = (CodeSignOnCopy, RemoveHeadersOnCopy, ); }; };
		5A3D4EFC22A4D0C2009B0C78 /* CodableHelpers.swift in Sources */ = {isa = PBXBuildFile; fileRef = 5A3D4EFB22A4D0C2009B0C78 /* CodableHelpers.swift */; };
		5A3D4EFD22A4D0C2009B0C78 /* CodableHelpers.swift in Sources */ = {isa = PBXBuildFile; fileRef = 5A3D4EFB22A4D0C2009B0C78 /* CodableHelpers.swift */; };
		5A4292F7208D2A4A008B30EF /* libz.tbd in Frameworks */ = {isa = PBXBuildFile; fileRef = 5A4292F6208D2A4A008B30EF /* libz.tbd */; };
		5A4292F9208D2A59008B30EF /* libz.tbd in Frameworks */ = {isa = PBXBuildFile; fileRef = 5A4292F8208D2A59008B30EF /* libz.tbd */; };
		5A73DFE71E63E2D4007F3913 /* SignalRClient.framework in Embed Frameworks */ = {isa = PBXBuildFile; fileRef = 5A9803521E5FE60E00BFFB0A /* SignalRClient.framework */; settings = {ATTRIBUTES = (CodeSignOnCopy, RemoveHeadersOnCopy, ); }; };
		5A9803631E5FE60E00BFFB0A /* SignalRClient.h in Headers */ = {isa = PBXBuildFile; fileRef = 5A9803551E5FE60E00BFFB0A /* SignalRClient.h */; settings = {ATTRIBUTES = (Public, ); }; };
		5A9A815E1E63CAE100FE62A6 /* AppDelegate.swift in Sources */ = {isa = PBXBuildFile; fileRef = 5A9A815D1E63CAE100FE62A6 /* AppDelegate.swift */; };
		5A9A81601E63CAE100FE62A6 /* Assets.xcassets in Resources */ = {isa = PBXBuildFile; fileRef = 5A9A815F1E63CAE100FE62A6 /* Assets.xcassets */; };
		5A9A81631E63CAE100FE62A6 /* MainMenu.xib in Resources */ = {isa = PBXBuildFile; fileRef = 5A9A81611E63CAE100FE62A6 /* MainMenu.xib */; };
		5AA9F0011E835AC200C5E248 /* AppDelegate.swift in Sources */ = {isa = PBXBuildFile; fileRef = 5AA9F0001E835AC200C5E248 /* AppDelegate.swift */; };
		5AA9F0031E835AC200C5E248 /* Assets.xcassets in Resources */ = {isa = PBXBuildFile; fileRef = 5AA9F0021E835AC200C5E248 /* Assets.xcassets */; };
		5AA9F0061E835AC200C5E248 /* MainMenu.xib in Resources */ = {isa = PBXBuildFile; fileRef = 5AA9F0041E835AC200C5E248 /* MainMenu.xib */; };
		5AA9F00E1E8381DD00C5E248 /* SignalRClient.framework in Embed Frameworks */ = {isa = PBXBuildFile; fileRef = 5A9803521E5FE60E00BFFB0A /* SignalRClient.framework */; settings = {ATTRIBUTES = (CodeSignOnCopy, RemoveHeadersOnCopy, ); }; };
		5ABD6A602439AE6B00BFA93D /* ReconnectPolicy.swift in Sources */ = {isa = PBXBuildFile; fileRef = 5ABD6A5E2439AE6B00BFA93D /* ReconnectPolicy.swift */; };
		5ABD6A612439AE6B00BFA93D /* ReconnectPolicy.swift in Sources */ = {isa = PBXBuildFile; fileRef = 5ABD6A5E2439AE6B00BFA93D /* ReconnectPolicy.swift */; };
		5ABD6A622439AE6B00BFA93D /* ReconnectableConnection.swift in Sources */ = {isa = PBXBuildFile; fileRef = 5ABD6A5F2439AE6B00BFA93D /* ReconnectableConnection.swift */; };
		5ABD6A632439AE6B00BFA93D /* ReconnectableConnection.swift in Sources */ = {isa = PBXBuildFile; fileRef = 5ABD6A5F2439AE6B00BFA93D /* ReconnectableConnection.swift */; };
		5AEC70F020310E3E00616DD2 /* AppDelegate.swift in Sources */ = {isa = PBXBuildFile; fileRef = 5AEC70EF20310E3E00616DD2 /* AppDelegate.swift */; };
		5AEC70F220310E3E00616DD2 /* ViewController.swift in Sources */ = {isa = PBXBuildFile; fileRef = 5AEC70F120310E3E00616DD2 /* ViewController.swift */; };
		5AEC70F520310E3E00616DD2 /* Main.storyboard in Resources */ = {isa = PBXBuildFile; fileRef = 5AEC70F320310E3E00616DD2 /* Main.storyboard */; };
		5AEC70F720310E3E00616DD2 /* Assets.xcassets in Resources */ = {isa = PBXBuildFile; fileRef = 5AEC70F620310E3E00616DD2 /* Assets.xcassets */; };
		5AEC70FA20310E3E00616DD2 /* LaunchScreen.storyboard in Resources */ = {isa = PBXBuildFile; fileRef = 5AEC70F820310E3E00616DD2 /* LaunchScreen.storyboard */; };
		5AF2A1E62803939200715C2E /* HubConnectionOptions.swift in Sources */ = {isa = PBXBuildFile; fileRef = 5AF2A1E52803939200715C2E /* HubConnectionOptions.swift */; };
		5AF2A1E72803939200715C2E /* HubConnectionOptions.swift in Sources */ = {isa = PBXBuildFile; fileRef = 5AF2A1E52803939200715C2E /* HubConnectionOptions.swift */; };
		7391A92222510170007BEF23 /* Transport.swift in Sources */ = {isa = PBXBuildFile; fileRef = 7391A90722510170007BEF23 /* Transport.swift */; };
		7391A92322510170007BEF23 /* Transport.swift in Sources */ = {isa = PBXBuildFile; fileRef = 7391A90722510170007BEF23 /* Transport.swift */; };
		7391A92422510170007BEF23 /* WebsocketsTransport.swift in Sources */ = {isa = PBXBuildFile; fileRef = 7391A90822510170007BEF23 /* WebsocketsTransport.swift */; };
		7391A92522510170007BEF23 /* WebsocketsTransport.swift in Sources */ = {isa = PBXBuildFile; fileRef = 7391A90822510170007BEF23 /* WebsocketsTransport.swift */; };
		7391A92622510170007BEF23 /* HttpConnectionOptions.swift in Sources */ = {isa = PBXBuildFile; fileRef = 7391A90922510170007BEF23 /* HttpConnectionOptions.swift */; };
		7391A92722510170007BEF23 /* HttpConnectionOptions.swift in Sources */ = {isa = PBXBuildFile; fileRef = 7391A90922510170007BEF23 /* HttpConnectionOptions.swift */; };
		7391A92822510170007BEF23 /* Connection.swift in Sources */ = {isa = PBXBuildFile; fileRef = 7391A90A22510170007BEF23 /* Connection.swift */; };
		7391A92922510170007BEF23 /* Connection.swift in Sources */ = {isa = PBXBuildFile; fileRef = 7391A90A22510170007BEF23 /* Connection.swift */; };
		7391A92A22510170007BEF23 /* HubConnection.swift in Sources */ = {isa = PBXBuildFile; fileRef = 7391A90B22510170007BEF23 /* HubConnection.swift */; };
		7391A92B22510170007BEF23 /* HubConnection.swift in Sources */ = {isa = PBXBuildFile; fileRef = 7391A90B22510170007BEF23 /* HubConnection.swift */; };
		7391A92C22510170007BEF23 /* TransportType.swift in Sources */ = {isa = PBXBuildFile; fileRef = 7391A90C22510170007BEF23 /* TransportType.swift */; };
		7391A92D22510170007BEF23 /* TransportType.swift in Sources */ = {isa = PBXBuildFile; fileRef = 7391A90C22510170007BEF23 /* TransportType.swift */; };
		7391A92E22510170007BEF23 /* ServerInvocationHandler.swift in Sources */ = {isa = PBXBuildFile; fileRef = 7391A90D22510170007BEF23 /* ServerInvocationHandler.swift */; };
		7391A92F22510170007BEF23 /* ServerInvocationHandler.swift in Sources */ = {isa = PBXBuildFile; fileRef = 7391A90D22510170007BEF23 /* ServerInvocationHandler.swift */; };
		7391A93022510170007BEF23 /* DefaultHttpClient.swift in Sources */ = {isa = PBXBuildFile; fileRef = 7391A90E22510170007BEF23 /* DefaultHttpClient.swift */; };
		7391A93122510170007BEF23 /* DefaultHttpClient.swift in Sources */ = {isa = PBXBuildFile; fileRef = 7391A90E22510170007BEF23 /* DefaultHttpClient.swift */; };
		7391A93222510170007BEF23 /* DefaultTransportFactory.swift in Sources */ = {isa = PBXBuildFile; fileRef = 7391A90F22510170007BEF23 /* DefaultTransportFactory.swift */; };
		7391A93322510170007BEF23 /* DefaultTransportFactory.swift in Sources */ = {isa = PBXBuildFile; fileRef = 7391A90F22510170007BEF23 /* DefaultTransportFactory.swift */; };
		7391A93422510170007BEF23 /* Logger.swift in Sources */ = {isa = PBXBuildFile; fileRef = 7391A91022510170007BEF23 /* Logger.swift */; };
		7391A93522510170007BEF23 /* Logger.swift in Sources */ = {isa = PBXBuildFile; fileRef = 7391A91022510170007BEF23 /* Logger.swift */; };
		7391A93822510170007BEF23 /* HttpResponse.swift in Sources */ = {isa = PBXBuildFile; fileRef = 7391A91222510170007BEF23 /* HttpResponse.swift */; };
		7391A93922510170007BEF23 /* HttpResponse.swift in Sources */ = {isa = PBXBuildFile; fileRef = 7391A91222510170007BEF23 /* HttpResponse.swift */; };
		7391A93A22510170007BEF23 /* TransportDelegate.swift in Sources */ = {isa = PBXBuildFile; fileRef = 7391A91322510170007BEF23 /* TransportDelegate.swift */; };
		7391A93B22510170007BEF23 /* TransportDelegate.swift in Sources */ = {isa = PBXBuildFile; fileRef = 7391A91322510170007BEF23 /* TransportDelegate.swift */; };
		7391A93C22510170007BEF23 /* StreamHandle.swift in Sources */ = {isa = PBXBuildFile; fileRef = 7391A91422510170007BEF23 /* StreamHandle.swift */; };
		7391A93D22510170007BEF23 /* StreamHandle.swift in Sources */ = {isa = PBXBuildFile; fileRef = 7391A91422510170007BEF23 /* StreamHandle.swift */; };
		7391A93E22510170007BEF23 /* HandshakeProtocol.swift in Sources */ = {isa = PBXBuildFile; fileRef = 7391A91522510170007BEF23 /* HandshakeProtocol.swift */; };
		7391A93F22510170007BEF23 /* HandshakeProtocol.swift in Sources */ = {isa = PBXBuildFile; fileRef = 7391A91522510170007BEF23 /* HandshakeProtocol.swift */; };
		7391A94022510170007BEF23 /* HubConnectionDelegate.swift in Sources */ = {isa = PBXBuildFile; fileRef = 7391A91622510170007BEF23 /* HubConnectionDelegate.swift */; };
		7391A94122510170007BEF23 /* HubConnectionDelegate.swift in Sources */ = {isa = PBXBuildFile; fileRef = 7391A91622510170007BEF23 /* HubConnectionDelegate.swift */; };
		7391A94222510170007BEF23 /* HttpClientProtocol.swift in Sources */ = {isa = PBXBuildFile; fileRef = 7391A91722510170007BEF23 /* HttpClientProtocol.swift */; };
		7391A94322510170007BEF23 /* HttpClientProtocol.swift in Sources */ = {isa = PBXBuildFile; fileRef = 7391A91722510170007BEF23 /* HttpClientProtocol.swift */; };
		7391A94422510170007BEF23 /* NegotiationResponse.swift in Sources */ = {isa = PBXBuildFile; fileRef = 7391A91822510170007BEF23 /* NegotiationResponse.swift */; };
		7391A94522510170007BEF23 /* NegotiationResponse.swift in Sources */ = {isa = PBXBuildFile; fileRef = 7391A91822510170007BEF23 /* NegotiationResponse.swift */; };
		7391A94622510170007BEF23 /* TransferFormat.swift in Sources */ = {isa = PBXBuildFile; fileRef = 7391A91922510170007BEF23 /* TransferFormat.swift */; };
		7391A94722510170007BEF23 /* TransferFormat.swift in Sources */ = {isa = PBXBuildFile; fileRef = 7391A91922510170007BEF23 /* TransferFormat.swift */; };
		7391A94822510170007BEF23 /* HubProtocol.swift in Sources */ = {isa = PBXBuildFile; fileRef = 7391A91A22510170007BEF23 /* HubProtocol.swift */; };
		7391A94922510170007BEF23 /* HubProtocol.swift in Sources */ = {isa = PBXBuildFile; fileRef = 7391A91A22510170007BEF23 /* HubProtocol.swift */; };
		7391A94E22510170007BEF23 /* JSONHubProtocol.swift in Sources */ = {isa = PBXBuildFile; fileRef = 7391A91D22510170007BEF23 /* JSONHubProtocol.swift */; };
		7391A94F22510170007BEF23 /* JSONHubProtocol.swift in Sources */ = {isa = PBXBuildFile; fileRef = 7391A91D22510170007BEF23 /* JSONHubProtocol.swift */; };
		7391A95022510170007BEF23 /* HttpConnection.swift in Sources */ = {isa = PBXBuildFile; fileRef = 7391A91E22510170007BEF23 /* HttpConnection.swift */; };
		7391A95122510170007BEF23 /* HttpConnection.swift in Sources */ = {isa = PBXBuildFile; fileRef = 7391A91E22510170007BEF23 /* HttpConnection.swift */; };
		7391A95222510170007BEF23 /* ConnectionDelegate.swift in Sources */ = {isa = PBXBuildFile; fileRef = 7391A91F22510170007BEF23 /* ConnectionDelegate.swift */; };
		7391A95322510170007BEF23 /* ConnectionDelegate.swift in Sources */ = {isa = PBXBuildFile; fileRef = 7391A91F22510170007BEF23 /* ConnectionDelegate.swift */; };
		7391A95422510170007BEF23 /* HubConnectionBuilder.swift in Sources */ = {isa = PBXBuildFile; fileRef = 7391A92022510170007BEF23 /* HubConnectionBuilder.swift */; };
		7391A95522510170007BEF23 /* HubConnectionBuilder.swift in Sources */ = {isa = PBXBuildFile; fileRef = 7391A92022510170007BEF23 /* HubConnectionBuilder.swift */; };
		7391A95622510170007BEF23 /* SignalRError.swift in Sources */ = {isa = PBXBuildFile; fileRef = 7391A92122510170007BEF23 /* SignalRError.swift */; };
		7391A95722510170007BEF23 /* SignalRError.swift in Sources */ = {isa = PBXBuildFile; fileRef = 7391A92122510170007BEF23 /* SignalRError.swift */; };
/* End PBXBuildFile section */

/* Begin PBXContainerItemProxy section */
		5A73DFE81E63E2D4007F3913 /* PBXContainerItemProxy */ = {
			isa = PBXContainerItemProxy;
			containerPortal = 5A9803491E5FE60E00BFFB0A /* Project object */;
			proxyType = 1;
			remoteGlobalIDString = 5A9803511E5FE60E00BFFB0A;
			remoteInfo = SignalRClient;
		};
		5AA9F00F1E8381DD00C5E248 /* PBXContainerItemProxy */ = {
			isa = PBXContainerItemProxy;
			containerPortal = 5A9803491E5FE60E00BFFB0A /* Project object */;
			proxyType = 1;
			remoteGlobalIDString = 5A9803511E5FE60E00BFFB0A;
			remoteInfo = SignalRClient;
		};
		5AEC7101203111F900616DD2 /* PBXContainerItemProxy */ = {
			isa = PBXContainerItemProxy;
			containerPortal = 5A9803491E5FE60E00BFFB0A /* Project object */;
			proxyType = 1;
			remoteGlobalIDString = 5A406F3D2030F4960055671E;
			remoteInfo = "iOS SignalRClient";
		};
/* End PBXContainerItemProxy section */

/* Begin PBXCopyFilesBuildPhase section */
		5A73DFE51E63E2CF007F3913 /* Embed Frameworks */ = {
			isa = PBXCopyFilesBuildPhase;
			buildActionMask = 2147483647;
			dstPath = "";
			dstSubfolderSpec = 10;
			files = (
				5A73DFE71E63E2D4007F3913 /* SignalRClient.framework in Embed Frameworks */,
			);
			name = "Embed Frameworks";
			runOnlyForDeploymentPostprocessing = 0;
		};
		5AA9F0111E8381DD00C5E248 /* Embed Frameworks */ = {
			isa = PBXCopyFilesBuildPhase;
			buildActionMask = 2147483647;
			dstPath = "";
			dstSubfolderSpec = 10;
			files = (
				5AA9F00E1E8381DD00C5E248 /* SignalRClient.framework in Embed Frameworks */,
			);
			name = "Embed Frameworks";
			runOnlyForDeploymentPostprocessing = 0;
		};
		5AD455E51E5FED3700732962 /* CopyFiles */ = {
			isa = PBXCopyFilesBuildPhase;
			buildActionMask = 2147483647;
			dstPath = "";
			dstSubfolderSpec = 16;
			files = (
			);
			runOnlyForDeploymentPostprocessing = 0;
		};
		5AEC7103203111F900616DD2 /* Embed Frameworks */ = {
			isa = PBXCopyFilesBuildPhase;
			buildActionMask = 2147483647;
			dstPath = "";
			dstSubfolderSpec = 10;
			files = (
				5A32F4E62079EB150091C185 /* SignalRClient.framework in Embed Frameworks */,
			);
			name = "Embed Frameworks";
			runOnlyForDeploymentPostprocessing = 0;
		};
/* End PBXCopyFilesBuildPhase section */

/* Begin PBXFileReference section */
		415F5B7124BCAC4C0071CE5C /* LongPollingTransport.swift */ = {isa = PBXFileReference; fileEncoding = 4; lastKnownFileType = sourcecode.swift; path = LongPollingTransport.swift; sourceTree = "<group>"; };
		5A13255522B0CCBC0082C783 /* HubConnectionExtensions.swift */ = {isa = PBXFileReference; fileEncoding = 4; lastKnownFileType = sourcecode.swift; path = HubConnectionExtensions.swift; sourceTree = "<group>"; };
		5A3D4EFB22A4D0C2009B0C78 /* CodableHelpers.swift */ = {isa = PBXFileReference; fileEncoding = 4; lastKnownFileType = sourcecode.swift; path = CodableHelpers.swift; sourceTree = "<group>"; };
		5A406F3E2030F4960055671E /* SignalRClient.framework */ = {isa = PBXFileReference; explicitFileType = wrapper.framework; includeInIndex = 0; path = SignalRClient.framework; sourceTree = BUILT_PRODUCTS_DIR; };
		5A4292F6208D2A4A008B30EF /* libz.tbd */ = {isa = PBXFileReference; lastKnownFileType = "sourcecode.text-based-dylib-definition"; name = libz.tbd; path = usr/lib/libz.tbd; sourceTree = SDKROOT; };
		5A4292F8208D2A59008B30EF /* libz.tbd */ = {isa = PBXFileReference; lastKnownFileType = "sourcecode.text-based-dylib-definition"; name = libz.tbd; path = Platforms/iPhoneOS.platform/Developer/SDKs/iPhoneOS11.3.sdk/usr/lib/libz.tbd; sourceTree = DEVELOPER_DIR; };
		5A9803521E5FE60E00BFFB0A /* SignalRClient.framework */ = {isa = PBXFileReference; explicitFileType = wrapper.framework; includeInIndex = 0; path = SignalRClient.framework; sourceTree = BUILT_PRODUCTS_DIR; };
		5A9803551E5FE60E00BFFB0A /* SignalRClient.h */ = {isa = PBXFileReference; lastKnownFileType = sourcecode.c.h; path = SignalRClient.h; sourceTree = "<group>"; };
		5A9803561E5FE60E00BFFB0A /* Info.plist */ = {isa = PBXFileReference; lastKnownFileType = text.plist.xml; path = Info.plist; sourceTree = "<group>"; };
		5A9A815B1E63CAE100FE62A6 /* ConnectionSample.app */ = {isa = PBXFileReference; explicitFileType = wrapper.application; includeInIndex = 0; path = ConnectionSample.app; sourceTree = BUILT_PRODUCTS_DIR; };
		5A9A815D1E63CAE100FE62A6 /* AppDelegate.swift */ = {isa = PBXFileReference; lastKnownFileType = sourcecode.swift; path = AppDelegate.swift; sourceTree = "<group>"; };
		5A9A815F1E63CAE100FE62A6 /* Assets.xcassets */ = {isa = PBXFileReference; lastKnownFileType = folder.assetcatalog; path = Assets.xcassets; sourceTree = "<group>"; };
		5A9A81621E63CAE100FE62A6 /* Base */ = {isa = PBXFileReference; lastKnownFileType = file.xib; name = Base; path = Base.lproj/MainMenu.xib; sourceTree = "<group>"; };
		5A9A81641E63CAE100FE62A6 /* Info.plist */ = {isa = PBXFileReference; lastKnownFileType = text.plist.xml; path = Info.plist; sourceTree = "<group>"; };
		5AA9EFFE1E835AC200C5E248 /* HubSample.app */ = {isa = PBXFileReference; explicitFileType = wrapper.application; includeInIndex = 0; path = HubSample.app; sourceTree = BUILT_PRODUCTS_DIR; };
		5AA9F0001E835AC200C5E248 /* AppDelegate.swift */ = {isa = PBXFileReference; lastKnownFileType = sourcecode.swift; path = AppDelegate.swift; sourceTree = "<group>"; };
		5AA9F0021E835AC200C5E248 /* Assets.xcassets */ = {isa = PBXFileReference; lastKnownFileType = folder.assetcatalog; path = Assets.xcassets; sourceTree = "<group>"; };
		5AA9F0051E835AC200C5E248 /* Base */ = {isa = PBXFileReference; lastKnownFileType = file.xib; name = Base; path = Base.lproj/MainMenu.xib; sourceTree = "<group>"; };
		5AA9F0071E835AC200C5E248 /* Info.plist */ = {isa = PBXFileReference; lastKnownFileType = text.plist.xml; path = Info.plist; sourceTree = "<group>"; };
		5ABD6A5E2439AE6B00BFA93D /* ReconnectPolicy.swift */ = {isa = PBXFileReference; fileEncoding = 4; lastKnownFileType = sourcecode.swift; path = ReconnectPolicy.swift; sourceTree = "<group>"; };
		5ABD6A5F2439AE6B00BFA93D /* ReconnectableConnection.swift */ = {isa = PBXFileReference; fileEncoding = 4; lastKnownFileType = sourcecode.swift; path = ReconnectableConnection.swift; sourceTree = "<group>"; };
		5AEC70ED20310E3E00616DD2 /* HubSamplePhone.app */ = {isa = PBXFileReference; explicitFileType = wrapper.application; includeInIndex = 0; path = HubSamplePhone.app; sourceTree = BUILT_PRODUCTS_DIR; };
		5AEC70EF20310E3E00616DD2 /* AppDelegate.swift */ = {isa = PBXFileReference; lastKnownFileType = sourcecode.swift; path = AppDelegate.swift; sourceTree = "<group>"; };
		5AEC70F120310E3E00616DD2 /* ViewController.swift */ = {isa = PBXFileReference; lastKnownFileType = sourcecode.swift; path = ViewController.swift; sourceTree = "<group>"; };
		5AEC70F420310E3E00616DD2 /* Base */ = {isa = PBXFileReference; lastKnownFileType = file.storyboard; name = Base; path = Base.lproj/Main.storyboard; sourceTree = "<group>"; };
		5AEC70F620310E3E00616DD2 /* Assets.xcassets */ = {isa = PBXFileReference; lastKnownFileType = folder.assetcatalog; path = Assets.xcassets; sourceTree = "<group>"; };
		5AEC70F920310E3E00616DD2 /* Base */ = {isa = PBXFileReference; lastKnownFileType = file.storyboard; name = Base; path = Base.lproj/LaunchScreen.storyboard; sourceTree = "<group>"; };
		5AEC70FB20310E3F00616DD2 /* Info.plist */ = {isa = PBXFileReference; lastKnownFileType = text.plist.xml; path = Info.plist; sourceTree = "<group>"; };
		5AF2A1E52803939200715C2E /* HubConnectionOptions.swift */ = {isa = PBXFileReference; fileEncoding = 4; lastKnownFileType = sourcecode.swift; path = HubConnectionOptions.swift; sourceTree = "<group>"; };
		5AF307B822EACFD5001D3BFE /* Playground.playground */ = {isa = PBXFileReference; lastKnownFileType = file.playground; path = Playground.playground; sourceTree = "<group>"; xcLanguageSpecificationIdentifier = xcode.lang.swift; };
		7391A90722510170007BEF23 /* Transport.swift */ = {isa = PBXFileReference; fileEncoding = 4; lastKnownFileType = sourcecode.swift; path = Transport.swift; sourceTree = "<group>"; };
		7391A90822510170007BEF23 /* WebsocketsTransport.swift */ = {isa = PBXFileReference; fileEncoding = 4; lastKnownFileType = sourcecode.swift; path = WebsocketsTransport.swift; sourceTree = "<group>"; };
		7391A90922510170007BEF23 /* HttpConnectionOptions.swift */ = {isa = PBXFileReference; fileEncoding = 4; lastKnownFileType = sourcecode.swift; path = HttpConnectionOptions.swift; sourceTree = "<group>"; };
		7391A90A22510170007BEF23 /* Connection.swift */ = {isa = PBXFileReference; fileEncoding = 4; lastKnownFileType = sourcecode.swift; path = Connection.swift; sourceTree = "<group>"; };
		7391A90B22510170007BEF23 /* HubConnection.swift */ = {isa = PBXFileReference; fileEncoding = 4; lastKnownFileType = sourcecode.swift; path = HubConnection.swift; sourceTree = "<group>"; };
		7391A90C22510170007BEF23 /* TransportType.swift */ = {isa = PBXFileReference; fileEncoding = 4; lastKnownFileType = sourcecode.swift; path = TransportType.swift; sourceTree = "<group>"; };
		7391A90D22510170007BEF23 /* ServerInvocationHandler.swift */ = {isa = PBXFileReference; fileEncoding = 4; lastKnownFileType = sourcecode.swift; path = ServerInvocationHandler.swift; sourceTree = "<group>"; };
		7391A90E22510170007BEF23 /* DefaultHttpClient.swift */ = {isa = PBXFileReference; fileEncoding = 4; lastKnownFileType = sourcecode.swift; path = DefaultHttpClient.swift; sourceTree = "<group>"; };
		7391A90F22510170007BEF23 /* DefaultTransportFactory.swift */ = {isa = PBXFileReference; fileEncoding = 4; lastKnownFileType = sourcecode.swift; path = DefaultTransportFactory.swift; sourceTree = "<group>"; };
		7391A91022510170007BEF23 /* Logger.swift */ = {isa = PBXFileReference; fileEncoding = 4; lastKnownFileType = sourcecode.swift; path = Logger.swift; sourceTree = "<group>"; };
		7391A91222510170007BEF23 /* HttpResponse.swift */ = {isa = PBXFileReference; fileEncoding = 4; lastKnownFileType = sourcecode.swift; path = HttpResponse.swift; sourceTree = "<group>"; };
		7391A91322510170007BEF23 /* TransportDelegate.swift */ = {isa = PBXFileReference; fileEncoding = 4; lastKnownFileType = sourcecode.swift; path = TransportDelegate.swift; sourceTree = "<group>"; };
		7391A91422510170007BEF23 /* StreamHandle.swift */ = {isa = PBXFileReference; fileEncoding = 4; lastKnownFileType = sourcecode.swift; path = StreamHandle.swift; sourceTree = "<group>"; };
		7391A91522510170007BEF23 /* HandshakeProtocol.swift */ = {isa = PBXFileReference; fileEncoding = 4; lastKnownFileType = sourcecode.swift; path = HandshakeProtocol.swift; sourceTree = "<group>"; };
		7391A91622510170007BEF23 /* HubConnectionDelegate.swift */ = {isa = PBXFileReference; fileEncoding = 4; lastKnownFileType = sourcecode.swift; path = HubConnectionDelegate.swift; sourceTree = "<group>"; };
		7391A91722510170007BEF23 /* HttpClientProtocol.swift */ = {isa = PBXFileReference; fileEncoding = 4; lastKnownFileType = sourcecode.swift; path = HttpClientProtocol.swift; sourceTree = "<group>"; };
		7391A91822510170007BEF23 /* NegotiationResponse.swift */ = {isa = PBXFileReference; fileEncoding = 4; lastKnownFileType = sourcecode.swift; path = NegotiationResponse.swift; sourceTree = "<group>"; };
		7391A91922510170007BEF23 /* TransferFormat.swift */ = {isa = PBXFileReference; fileEncoding = 4; lastKnownFileType = sourcecode.swift; path = TransferFormat.swift; sourceTree = "<group>"; };
		7391A91A22510170007BEF23 /* HubProtocol.swift */ = {isa = PBXFileReference; fileEncoding = 4; lastKnownFileType = sourcecode.swift; path = HubProtocol.swift; sourceTree = "<group>"; };
		7391A91D22510170007BEF23 /* JSONHubProtocol.swift */ = {isa = PBXFileReference; fileEncoding = 4; lastKnownFileType = sourcecode.swift; path = JSONHubProtocol.swift; sourceTree = "<group>"; };
		7391A91E22510170007BEF23 /* HttpConnection.swift */ = {isa = PBXFileReference; fileEncoding = 4; lastKnownFileType = sourcecode.swift; path = HttpConnection.swift; sourceTree = "<group>"; };
		7391A91F22510170007BEF23 /* ConnectionDelegate.swift */ = {isa = PBXFileReference; fileEncoding = 4; lastKnownFileType = sourcecode.swift; path = ConnectionDelegate.swift; sourceTree = "<group>"; };
		7391A92022510170007BEF23 /* HubConnectionBuilder.swift */ = {isa = PBXFileReference; fileEncoding = 4; lastKnownFileType = sourcecode.swift; path = HubConnectionBuilder.swift; sourceTree = "<group>"; };
		7391A92122510170007BEF23 /* SignalRError.swift */ = {isa = PBXFileReference; fileEncoding = 4; lastKnownFileType = sourcecode.swift; path = SignalRError.swift; sourceTree = "<group>"; };
/* End PBXFileReference section */

/* Begin PBXFrameworksBuildPhase section */
		5A406F3A2030F4960055671E /* Frameworks */ = {
			isa = PBXFrameworksBuildPhase;
			buildActionMask = 2147483647;
			files = (
				5A4292F9208D2A59008B30EF /* libz.tbd in Frameworks */,
			);
			runOnlyForDeploymentPostprocessing = 0;
		};
		5A98034E1E5FE60E00BFFB0A /* Frameworks */ = {
			isa = PBXFrameworksBuildPhase;
			buildActionMask = 2147483647;
			files = (
				5A4292F7208D2A4A008B30EF /* libz.tbd in Frameworks */,
			);
			runOnlyForDeploymentPostprocessing = 0;
		};
		5A9A81581E63CAE100FE62A6 /* Frameworks */ = {
			isa = PBXFrameworksBuildPhase;
			buildActionMask = 2147483647;
			files = (
			);
			runOnlyForDeploymentPostprocessing = 0;
		};
		5AA9EFFB1E835AC200C5E248 /* Frameworks */ = {
			isa = PBXFrameworksBuildPhase;
			buildActionMask = 2147483647;
			files = (
			);
			runOnlyForDeploymentPostprocessing = 0;
		};
		5AEC70EA20310E3E00616DD2 /* Frameworks */ = {
			isa = PBXFrameworksBuildPhase;
			buildActionMask = 2147483647;
			files = (
			);
			runOnlyForDeploymentPostprocessing = 0;
		};
/* End PBXFrameworksBuildPhase section */

/* Begin PBXGroup section */
		5A17165922ED7FBE00ABB7FA /* Playground */ = {
			isa = PBXGroup;
			children = (
				5AF307B822EACFD5001D3BFE /* Playground.playground */,
			);
			path = Playground;
			sourceTree = "<group>";
		};
		5A9803481E5FE60E00BFFB0A = {
			isa = PBXGroup;
			children = (
				5A17165922ED7FBE00ABB7FA /* Playground */,
				7391A90522510170007BEF23 /* Sources */,
				5A9803541E5FE60E00BFFB0A /* SignalRClient */,
				5A9A815C1E63CAE100FE62A6 /* ConnectionSample */,
				5AA9EFFF1E835AC200C5E248 /* HubSample */,
				5AEC70EE20310E3E00616DD2 /* HubSamplePhone */,
				5A9803531E5FE60E00BFFB0A /* Products */,
				5AD455E21E5FECC200732962 /* Frameworks */,
			);
			sourceTree = "<group>";
		};
		5A9803531E5FE60E00BFFB0A /* Products */ = {
			isa = PBXGroup;
			children = (
				5A9803521E5FE60E00BFFB0A /* SignalRClient.framework */,
				5A9A815B1E63CAE100FE62A6 /* ConnectionSample.app */,
				5AA9EFFE1E835AC200C5E248 /* HubSample.app */,
				5A406F3E2030F4960055671E /* SignalRClient.framework */,
				5AEC70ED20310E3E00616DD2 /* HubSamplePhone.app */,
			);
			name = Products;
			sourceTree = "<group>";
		};
		5A9803541E5FE60E00BFFB0A /* SignalRClient */ = {
			isa = PBXGroup;
			children = (
				5A9803551E5FE60E00BFFB0A /* SignalRClient.h */,
				5A9803561E5FE60E00BFFB0A /* Info.plist */,
			);
			path = SignalRClient;
			sourceTree = "<group>";
		};
		5A9A815C1E63CAE100FE62A6 /* ConnectionSample */ = {
			isa = PBXGroup;
			children = (
				5A9A815D1E63CAE100FE62A6 /* AppDelegate.swift */,
				5A9A815F1E63CAE100FE62A6 /* Assets.xcassets */,
				5A9A81611E63CAE100FE62A6 /* MainMenu.xib */,
				5A9A81641E63CAE100FE62A6 /* Info.plist */,
			);
			path = ConnectionSample;
			sourceTree = "<group>";
		};
		5AA9EFFF1E835AC200C5E248 /* HubSample */ = {
			isa = PBXGroup;
			children = (
				5AA9F0001E835AC200C5E248 /* AppDelegate.swift */,
				5AA9F0021E835AC200C5E248 /* Assets.xcassets */,
				5AA9F0041E835AC200C5E248 /* MainMenu.xib */,
				5AA9F0071E835AC200C5E248 /* Info.plist */,
			);
			path = HubSample;
			sourceTree = "<group>";
		};
		5AD455E21E5FECC200732962 /* Frameworks */ = {
			isa = PBXGroup;
			children = (
				5A4292F6208D2A4A008B30EF /* libz.tbd */,
				5A4292F8208D2A59008B30EF /* libz.tbd */,
			);
			name = Frameworks;
			sourceTree = "<group>";
		};
		5AEC70EE20310E3E00616DD2 /* HubSamplePhone */ = {
			isa = PBXGroup;
			children = (
				5AEC70EF20310E3E00616DD2 /* AppDelegate.swift */,
				5AEC70F120310E3E00616DD2 /* ViewController.swift */,
				5AEC70F320310E3E00616DD2 /* Main.storyboard */,
				5AEC70F620310E3E00616DD2 /* Assets.xcassets */,
				5AEC70F820310E3E00616DD2 /* LaunchScreen.storyboard */,
				5AEC70FB20310E3F00616DD2 /* Info.plist */,
			);
			path = HubSamplePhone;
			sourceTree = "<group>";
		};
		7391A90522510170007BEF23 /* Sources */ = {
			isa = PBXGroup;
			children = (
				7391A90622510170007BEF23 /* SignalRClient */,
			);
			name = Sources;
			path = ../Sources;
			sourceTree = "<group>";
		};
		7391A90622510170007BEF23 /* SignalRClient */ = {
			isa = PBXGroup;
			children = (
				5AF2A1E52803939200715C2E /* HubConnectionOptions.swift */,
				415F5B7124BCAC4C0071CE5C /* LongPollingTransport.swift */,
				5ABD6A5F2439AE6B00BFA93D /* ReconnectableConnection.swift */,
				5ABD6A5E2439AE6B00BFA93D /* ReconnectPolicy.swift */,
				5A13255522B0CCBC0082C783 /* HubConnectionExtensions.swift */,
				5A3D4EFB22A4D0C2009B0C78 /* CodableHelpers.swift */,
				7391A90722510170007BEF23 /* Transport.swift */,
				7391A90822510170007BEF23 /* WebsocketsTransport.swift */,
				7391A90922510170007BEF23 /* HttpConnectionOptions.swift */,
				7391A90A22510170007BEF23 /* Connection.swift */,
				7391A90B22510170007BEF23 /* HubConnection.swift */,
				7391A90C22510170007BEF23 /* TransportType.swift */,
				7391A90D22510170007BEF23 /* ServerInvocationHandler.swift */,
				7391A90E22510170007BEF23 /* DefaultHttpClient.swift */,
				7391A90F22510170007BEF23 /* DefaultTransportFactory.swift */,
				7391A91022510170007BEF23 /* Logger.swift */,
				7391A91222510170007BEF23 /* HttpResponse.swift */,
				7391A91322510170007BEF23 /* TransportDelegate.swift */,
				7391A91422510170007BEF23 /* StreamHandle.swift */,
				7391A91522510170007BEF23 /* HandshakeProtocol.swift */,
				7391A91622510170007BEF23 /* HubConnectionDelegate.swift */,
				7391A91722510170007BEF23 /* HttpClientProtocol.swift */,
				7391A91822510170007BEF23 /* NegotiationResponse.swift */,
				7391A91922510170007BEF23 /* TransferFormat.swift */,
				7391A91A22510170007BEF23 /* HubProtocol.swift */,
				7391A91D22510170007BEF23 /* JSONHubProtocol.swift */,
				7391A91E22510170007BEF23 /* HttpConnection.swift */,
				7391A91F22510170007BEF23 /* ConnectionDelegate.swift */,
				7391A92022510170007BEF23 /* HubConnectionBuilder.swift */,
				7391A92122510170007BEF23 /* SignalRError.swift */,
			);
			path = SignalRClient;
			sourceTree = "<group>";
		};
/* End PBXGroup section */

/* Begin PBXHeadersBuildPhase section */
		5A406F3B2030F4960055671E /* Headers */ = {
			isa = PBXHeadersBuildPhase;
			buildActionMask = 2147483647;
			files = (
			);
			runOnlyForDeploymentPostprocessing = 0;
		};
		5A98034F1E5FE60E00BFFB0A /* Headers */ = {
			isa = PBXHeadersBuildPhase;
			buildActionMask = 2147483647;
			files = (
				5A9803631E5FE60E00BFFB0A /* SignalRClient.h in Headers */,
			);
			runOnlyForDeploymentPostprocessing = 0;
		};
/* End PBXHeadersBuildPhase section */

/* Begin PBXNativeTarget section */
		5A406F3D2030F4960055671E /* iOS SignalRClient */ = {
			isa = PBXNativeTarget;
			buildConfigurationList = 5A406F452030F4970055671E /* Build configuration list for PBXNativeTarget "iOS SignalRClient" */;
			buildPhases = (
				5A406F392030F4960055671E /* Sources */,
				5A406F3A2030F4960055671E /* Frameworks */,
				5A406F3B2030F4960055671E /* Headers */,
				5A406F3C2030F4960055671E /* Resources */,
			);
			buildRules = (
			);
			dependencies = (
			);
			name = "iOS SignalRClient";
			productName = "iOS SignalRClient";
			productReference = 5A406F3E2030F4960055671E /* SignalRClient.framework */;
			productType = "com.apple.product-type.framework";
		};
		5A9803511E5FE60E00BFFB0A /* macOS SignalRClient */ = {
			isa = PBXNativeTarget;
			buildConfigurationList = 5A9803661E5FE60E00BFFB0A /* Build configuration list for PBXNativeTarget "macOS SignalRClient" */;
			buildPhases = (
				5A98034D1E5FE60E00BFFB0A /* Sources */,
				5A98034E1E5FE60E00BFFB0A /* Frameworks */,
				5A98034F1E5FE60E00BFFB0A /* Headers */,
				5A9803501E5FE60E00BFFB0A /* Resources */,
				5AD455E51E5FED3700732962 /* CopyFiles */,
			);
			buildRules = (
			);
			dependencies = (
			);
			name = "macOS SignalRClient";
			productName = SignalRClient;
			productReference = 5A9803521E5FE60E00BFFB0A /* SignalRClient.framework */;
			productType = "com.apple.product-type.framework";
		};
		5A9A815A1E63CAE100FE62A6 /* ConnectionSample */ = {
			isa = PBXNativeTarget;
			buildConfigurationList = 5A9A81651E63CAE100FE62A6 /* Build configuration list for PBXNativeTarget "ConnectionSample" */;
			buildPhases = (
				5A9A81571E63CAE100FE62A6 /* Sources */,
				5A9A81581E63CAE100FE62A6 /* Frameworks */,
				5A9A81591E63CAE100FE62A6 /* Resources */,
				5A73DFE51E63E2CF007F3913 /* Embed Frameworks */,
			);
			buildRules = (
			);
			dependencies = (
				5A73DFE91E63E2D4007F3913 /* PBXTargetDependency */,
			);
			name = ConnectionSample;
			productName = SocketsSample;
			productReference = 5A9A815B1E63CAE100FE62A6 /* ConnectionSample.app */;
			productType = "com.apple.product-type.application";
		};
		5AA9EFFD1E835AC200C5E248 /* HubSample */ = {
			isa = PBXNativeTarget;
			buildConfigurationList = 5AA9F00A1E835AC300C5E248 /* Build configuration list for PBXNativeTarget "HubSample" */;
			buildPhases = (
				5AA9EFFA1E835AC200C5E248 /* Sources */,
				5AA9EFFB1E835AC200C5E248 /* Frameworks */,
				5AA9EFFC1E835AC200C5E248 /* Resources */,
				5AA9F0111E8381DD00C5E248 /* Embed Frameworks */,
			);
			buildRules = (
			);
			dependencies = (
				5AA9F0101E8381DD00C5E248 /* PBXTargetDependency */,
			);
			name = HubSample;
			productName = HubSample;
			productReference = 5AA9EFFE1E835AC200C5E248 /* HubSample.app */;
			productType = "com.apple.product-type.application";
		};
		5AEC70EC20310E3E00616DD2 /* HubSamplePhone */ = {
			isa = PBXNativeTarget;
			buildConfigurationList = 5AEC70FE20310E3F00616DD2 /* Build configuration list for PBXNativeTarget "HubSamplePhone" */;
			buildPhases = (
				5AEC70E920310E3E00616DD2 /* Sources */,
				5AEC70EA20310E3E00616DD2 /* Frameworks */,
				5AEC70EB20310E3E00616DD2 /* Resources */,
				5AEC7103203111F900616DD2 /* Embed Frameworks */,
			);
			buildRules = (
			);
			dependencies = (
				5AEC7102203111F900616DD2 /* PBXTargetDependency */,
			);
			name = HubSamplePhone;
			productName = HubSamplePhone;
			productReference = 5AEC70ED20310E3E00616DD2 /* HubSamplePhone.app */;
			productType = "com.apple.product-type.application";
		};
/* End PBXNativeTarget section */

/* Begin PBXProject section */
		5A9803491E5FE60E00BFFB0A /* Project object */ = {
			isa = PBXProject;
			attributes = {
				LastSwiftUpdateCheck = 0920;
				LastUpgradeCheck = 1220;
				ORGANIZATIONNAME = "Pawel Kadluczka";
				TargetAttributes = {
					5A406F3D2030F4960055671E = {
						CreatedOnToolsVersion = 9.2;
						LastSwiftMigration = 1020;
						ProvisioningStyle = Automatic;
					};
					5A9803511E5FE60E00BFFB0A = {
						CreatedOnToolsVersion = 8.1;
						LastSwiftMigration = 1020;
						ProvisioningStyle = Automatic;
					};
					5A9A815A1E63CAE100FE62A6 = {
						CreatedOnToolsVersion = 8.1;
						LastSwiftMigration = 1020;
						ProvisioningStyle = Automatic;
					};
					5AA9EFFD1E835AC200C5E248 = {
						CreatedOnToolsVersion = 8.1;
						LastSwiftMigration = 1020;
						ProvisioningStyle = Automatic;
					};
					5AEC70EC20310E3E00616DD2 = {
						CreatedOnToolsVersion = 9.2;
						LastSwiftMigration = 1020;
						ProvisioningStyle = Automatic;
					};
				};
			};
			buildConfigurationList = 5A98034C1E5FE60E00BFFB0A /* Build configuration list for PBXProject "SignalRClient" */;
			compatibilityVersion = "Xcode 3.2";
			developmentRegion = en;
			hasScannedForEncodings = 0;
			knownRegions = (
				en,
				Base,
			);
			mainGroup = 5A9803481E5FE60E00BFFB0A;
			productRefGroup = 5A9803531E5FE60E00BFFB0A /* Products */;
			projectDirPath = "";
			projectRoot = "";
			targets = (
				5A9803511E5FE60E00BFFB0A /* macOS SignalRClient */,
				5A406F3D2030F4960055671E /* iOS SignalRClient */,
				5A9A815A1E63CAE100FE62A6 /* ConnectionSample */,
				5AA9EFFD1E835AC200C5E248 /* HubSample */,
				5AEC70EC20310E3E00616DD2 /* HubSamplePhone */,
			);
		};
/* End PBXProject section */

/* Begin PBXResourcesBuildPhase section */
		5A406F3C2030F4960055671E /* Resources */ = {
			isa = PBXResourcesBuildPhase;
			buildActionMask = 2147483647;
			files = (
			);
			runOnlyForDeploymentPostprocessing = 0;
		};
		5A9803501E5FE60E00BFFB0A /* Resources */ = {
			isa = PBXResourcesBuildPhase;
			buildActionMask = 2147483647;
			files = (
			);
			runOnlyForDeploymentPostprocessing = 0;
		};
		5A9A81591E63CAE100FE62A6 /* Resources */ = {
			isa = PBXResourcesBuildPhase;
			buildActionMask = 2147483647;
			files = (
				5A9A81601E63CAE100FE62A6 /* Assets.xcassets in Resources */,
				5A9A81631E63CAE100FE62A6 /* MainMenu.xib in Resources */,
			);
			runOnlyForDeploymentPostprocessing = 0;
		};
		5AA9EFFC1E835AC200C5E248 /* Resources */ = {
			isa = PBXResourcesBuildPhase;
			buildActionMask = 2147483647;
			files = (
				5AA9F0031E835AC200C5E248 /* Assets.xcassets in Resources */,
				5AA9F0061E835AC200C5E248 /* MainMenu.xib in Resources */,
			);
			runOnlyForDeploymentPostprocessing = 0;
		};
		5AEC70EB20310E3E00616DD2 /* Resources */ = {
			isa = PBXResourcesBuildPhase;
			buildActionMask = 2147483647;
			files = (
				5AEC70FA20310E3E00616DD2 /* LaunchScreen.storyboard in Resources */,
				5AEC70F720310E3E00616DD2 /* Assets.xcassets in Resources */,
				5AEC70F520310E3E00616DD2 /* Main.storyboard in Resources */,
			);
			runOnlyForDeploymentPostprocessing = 0;
		};
/* End PBXResourcesBuildPhase section */

/* Begin PBXSourcesBuildPhase section */
		5A406F392030F4960055671E /* Sources */ = {
			isa = PBXSourcesBuildPhase;
			buildActionMask = 2147483647;
			files = (
				5A3D4EFD22A4D0C2009B0C78 /* CodableHelpers.swift in Sources */,
				7391A94522510170007BEF23 /* NegotiationResponse.swift in Sources */,
				5AF2A1E72803939200715C2E /* HubConnectionOptions.swift in Sources */,
				7391A92722510170007BEF23 /* HttpConnectionOptions.swift in Sources */,
				7391A93922510170007BEF23 /* HttpResponse.swift in Sources */,
				7391A92922510170007BEF23 /* Connection.swift in Sources */,
				7391A93D22510170007BEF23 /* StreamHandle.swift in Sources */,
				7391A95122510170007BEF23 /* HttpConnection.swift in Sources */,
				5A13255722B0CCBC0082C783 /* HubConnectionExtensions.swift in Sources */,
				7391A94122510170007BEF23 /* HubConnectionDelegate.swift in Sources */,
				7391A95322510170007BEF23 /* ConnectionDelegate.swift in Sources */,
				5ABD6A612439AE6B00BFA93D /* ReconnectPolicy.swift in Sources */,
				7391A92F22510170007BEF23 /* ServerInvocationHandler.swift in Sources */,
				7391A94322510170007BEF23 /* HttpClientProtocol.swift in Sources */,
				7391A93122510170007BEF23 /* DefaultHttpClient.swift in Sources */,
				7391A93F22510170007BEF23 /* HandshakeProtocol.swift in Sources */,
				5ABD6A632439AE6B00BFA93D /* ReconnectableConnection.swift in Sources */,
				7391A94722510170007BEF23 /* TransferFormat.swift in Sources */,
				7391A93B22510170007BEF23 /* TransportDelegate.swift in Sources */,
				415F5B7324BCAC500071CE5C /* LongPollingTransport.swift in Sources */,
				7391A92D22510170007BEF23 /* TransportType.swift in Sources */,
				7391A92322510170007BEF23 /* Transport.swift in Sources */,
				7391A93322510170007BEF23 /* DefaultTransportFactory.swift in Sources */,
				7391A95722510170007BEF23 /* SignalRError.swift in Sources */,
				7391A93522510170007BEF23 /* Logger.swift in Sources */,
				7391A94922510170007BEF23 /* HubProtocol.swift in Sources */,
				7391A92522510170007BEF23 /* WebsocketsTransport.swift in Sources */,
				7391A92B22510170007BEF23 /* HubConnection.swift in Sources */,
				7391A94F22510170007BEF23 /* JSONHubProtocol.swift in Sources */,
				7391A95522510170007BEF23 /* HubConnectionBuilder.swift in Sources */,
			);
			runOnlyForDeploymentPostprocessing = 0;
		};
		5A98034D1E5FE60E00BFFB0A /* Sources */ = {
			isa = PBXSourcesBuildPhase;
			buildActionMask = 2147483647;
			files = (
				5A3D4EFC22A4D0C2009B0C78 /* CodableHelpers.swift in Sources */,
				7391A94422510170007BEF23 /* NegotiationResponse.swift in Sources */,
				5AF2A1E62803939200715C2E /* HubConnectionOptions.swift in Sources */,
				7391A92622510170007BEF23 /* HttpConnectionOptions.swift in Sources */,
				7391A93822510170007BEF23 /* HttpResponse.swift in Sources */,
				7391A92822510170007BEF23 /* Connection.swift in Sources */,
				7391A93C22510170007BEF23 /* StreamHandle.swift in Sources */,
				7391A95022510170007BEF23 /* HttpConnection.swift in Sources */,
				5A13255622B0CCBC0082C783 /* HubConnectionExtensions.swift in Sources */,
				7391A94022510170007BEF23 /* HubConnectionDelegate.swift in Sources */,
				7391A95222510170007BEF23 /* ConnectionDelegate.swift in Sources */,
				5ABD6A602439AE6B00BFA93D /* ReconnectPolicy.swift in Sources */,
				7391A92E22510170007BEF23 /* ServerInvocationHandler.swift in Sources */,
				7391A94222510170007BEF23 /* HttpClientProtocol.swift in Sources */,
				7391A93022510170007BEF23 /* DefaultHttpClient.swift in Sources */,
				7391A93E22510170007BEF23 /* HandshakeProtocol.swift in Sources */,
				5ABD6A622439AE6B00BFA93D /* ReconnectableConnection.swift in Sources */,
				7391A94622510170007BEF23 /* TransferFormat.swift in Sources */,
				7391A93A22510170007BEF23 /* TransportDelegate.swift in Sources */,
				415F5B7224BCAC4C0071CE5C /* LongPollingTransport.swift in Sources */,
				7391A92C22510170007BEF23 /* TransportType.swift in Sources */,
				7391A92222510170007BEF23 /* Transport.swift in Sources */,
				7391A93222510170007BEF23 /* DefaultTransportFactory.swift in Sources */,
				7391A95622510170007BEF23 /* SignalRError.swift in Sources */,
				7391A93422510170007BEF23 /* Logger.swift in Sources */,
				7391A94822510170007BEF23 /* HubProtocol.swift in Sources */,
				7391A92422510170007BEF23 /* WebsocketsTransport.swift in Sources */,
				7391A92A22510170007BEF23 /* HubConnection.swift in Sources */,
				7391A94E22510170007BEF23 /* JSONHubProtocol.swift in Sources */,
				7391A95422510170007BEF23 /* HubConnectionBuilder.swift in Sources */,
			);
			runOnlyForDeploymentPostprocessing = 0;
		};
		5A9A81571E63CAE100FE62A6 /* Sources */ = {
			isa = PBXSourcesBuildPhase;
			buildActionMask = 2147483647;
			files = (
				5A9A815E1E63CAE100FE62A6 /* AppDelegate.swift in Sources */,
			);
			runOnlyForDeploymentPostprocessing = 0;
		};
		5AA9EFFA1E835AC200C5E248 /* Sources */ = {
			isa = PBXSourcesBuildPhase;
			buildActionMask = 2147483647;
			files = (
				5AA9F0011E835AC200C5E248 /* AppDelegate.swift in Sources */,
			);
			runOnlyForDeploymentPostprocessing = 0;
		};
		5AEC70E920310E3E00616DD2 /* Sources */ = {
			isa = PBXSourcesBuildPhase;
			buildActionMask = 2147483647;
			files = (
				5AEC70F220310E3E00616DD2 /* ViewController.swift in Sources */,
				5AEC70F020310E3E00616DD2 /* AppDelegate.swift in Sources */,
			);
			runOnlyForDeploymentPostprocessing = 0;
		};
/* End PBXSourcesBuildPhase section */

/* Begin PBXTargetDependency section */
		5A73DFE91E63E2D4007F3913 /* PBXTargetDependency */ = {
			isa = PBXTargetDependency;
			target = 5A9803511E5FE60E00BFFB0A /* macOS SignalRClient */;
			targetProxy = 5A73DFE81E63E2D4007F3913 /* PBXContainerItemProxy */;
		};
		5AA9F0101E8381DD00C5E248 /* PBXTargetDependency */ = {
			isa = PBXTargetDependency;
			target = 5A9803511E5FE60E00BFFB0A /* macOS SignalRClient */;
			targetProxy = 5AA9F00F1E8381DD00C5E248 /* PBXContainerItemProxy */;
		};
		5AEC7102203111F900616DD2 /* PBXTargetDependency */ = {
			isa = PBXTargetDependency;
			target = 5A406F3D2030F4960055671E /* iOS SignalRClient */;
			targetProxy = 5AEC7101203111F900616DD2 /* PBXContainerItemProxy */;
		};
/* End PBXTargetDependency section */

/* Begin PBXVariantGroup section */
		5A9A81611E63CAE100FE62A6 /* MainMenu.xib */ = {
			isa = PBXVariantGroup;
			children = (
				5A9A81621E63CAE100FE62A6 /* Base */,
			);
			name = MainMenu.xib;
			sourceTree = "<group>";
		};
		5AA9F0041E835AC200C5E248 /* MainMenu.xib */ = {
			isa = PBXVariantGroup;
			children = (
				5AA9F0051E835AC200C5E248 /* Base */,
			);
			name = MainMenu.xib;
			sourceTree = "<group>";
		};
		5AEC70F320310E3E00616DD2 /* Main.storyboard */ = {
			isa = PBXVariantGroup;
			children = (
				5AEC70F420310E3E00616DD2 /* Base */,
			);
			name = Main.storyboard;
			sourceTree = "<group>";
		};
		5AEC70F820310E3E00616DD2 /* LaunchScreen.storyboard */ = {
			isa = PBXVariantGroup;
			children = (
				5AEC70F920310E3E00616DD2 /* Base */,
			);
			name = LaunchScreen.storyboard;
			sourceTree = "<group>";
		};
/* End PBXVariantGroup section */

/* Begin XCBuildConfiguration section */
		5A406F432030F4970055671E /* Debug */ = {
			isa = XCBuildConfiguration;
			buildSettings = {
				CLANG_ANALYZER_NUMBER_OBJECT_CONVERSION = YES_AGGRESSIVE;
				CLANG_CXX_LANGUAGE_STANDARD = "gnu++14";
				CLANG_WARN_UNGUARDED_AVAILABILITY = YES_AGGRESSIVE;
				CODE_SIGN_IDENTITY = "";
				CODE_SIGN_STYLE = Automatic;
				DEFINES_MODULE = YES;
				DYLIB_COMPATIBILITY_VERSION = 1;
				DYLIB_CURRENT_VERSION = 1;
				DYLIB_INSTALL_NAME_BASE = "@rpath";
				FRAMEWORK_SEARCH_PATHS = "$(inherited)";
				GCC_C_LANGUAGE_STANDARD = gnu11;
				INFOPLIST_FILE = SignalRClient/Info.plist;
				INSTALL_PATH = "$(LOCAL_LIBRARY_DIR)/Frameworks";
				IPHONEOS_DEPLOYMENT_TARGET = 12.0;
				LD_RUNPATH_SEARCH_PATHS = "$(inherited) @executable_path/Frameworks @loader_path/Frameworks";
				PRODUCT_BUNDLE_IDENTIFIER = "moozzyk.iOS-SignalRClient";
				PRODUCT_NAME = SignalRClient;
				SDKROOT = iphoneos;
				SKIP_INSTALL = YES;
				SWIFT_VERSION = 5.0;
				TARGETED_DEVICE_FAMILY = "1,2";
			};
			name = Debug;
		};
		5A406F442030F4970055671E /* Release */ = {
			isa = XCBuildConfiguration;
			buildSettings = {
				CLANG_ANALYZER_NUMBER_OBJECT_CONVERSION = YES_AGGRESSIVE;
				CLANG_CXX_LANGUAGE_STANDARD = "gnu++14";
				CLANG_WARN_UNGUARDED_AVAILABILITY = YES_AGGRESSIVE;
				CODE_SIGN_IDENTITY = "";
				CODE_SIGN_STYLE = Automatic;
				DEFINES_MODULE = YES;
				DYLIB_COMPATIBILITY_VERSION = 1;
				DYLIB_CURRENT_VERSION = 1;
				DYLIB_INSTALL_NAME_BASE = "@rpath";
				FRAMEWORK_SEARCH_PATHS = "$(inherited)";
				GCC_C_LANGUAGE_STANDARD = gnu11;
				INFOPLIST_FILE = SignalRClient/Info.plist;
				INSTALL_PATH = "$(LOCAL_LIBRARY_DIR)/Frameworks";
				IPHONEOS_DEPLOYMENT_TARGET = 12.0;
				LD_RUNPATH_SEARCH_PATHS = "$(inherited) @executable_path/Frameworks @loader_path/Frameworks";
				PRODUCT_BUNDLE_IDENTIFIER = "moozzyk.iOS-SignalRClient";
				PRODUCT_NAME = SignalRClient;
				SDKROOT = iphoneos;
				SKIP_INSTALL = YES;
				SWIFT_VERSION = 5.0;
				TARGETED_DEVICE_FAMILY = "1,2";
				VALIDATE_PRODUCT = YES;
			};
			name = Release;
		};
		5A9803641E5FE60E00BFFB0A /* Debug */ = {
			isa = XCBuildConfiguration;
			buildSettings = {
				ALWAYS_SEARCH_USER_PATHS = NO;
				CLANG_ANALYZER_LOCALIZABILITY_NONLOCALIZED = YES;
				CLANG_ANALYZER_NONNULL = YES;
				CLANG_CXX_LANGUAGE_STANDARD = "gnu++0x";
				CLANG_CXX_LIBRARY = "libc++";
				CLANG_ENABLE_MODULES = YES;
				CLANG_ENABLE_OBJC_ARC = YES;
				CLANG_WARN_BLOCK_CAPTURE_AUTORELEASING = YES;
				CLANG_WARN_BOOL_CONVERSION = YES;
				CLANG_WARN_COMMA = YES;
				CLANG_WARN_CONSTANT_CONVERSION = YES;
				CLANG_WARN_DEPRECATED_OBJC_IMPLEMENTATIONS = YES;
				CLANG_WARN_DIRECT_OBJC_ISA_USAGE = YES_ERROR;
				CLANG_WARN_DOCUMENTATION_COMMENTS = YES;
				CLANG_WARN_EMPTY_BODY = YES;
				CLANG_WARN_ENUM_CONVERSION = YES;
				CLANG_WARN_INFINITE_RECURSION = YES;
				CLANG_WARN_INT_CONVERSION = YES;
				CLANG_WARN_NON_LITERAL_NULL_CONVERSION = YES;
				CLANG_WARN_OBJC_IMPLICIT_RETAIN_SELF = YES;
				CLANG_WARN_OBJC_LITERAL_CONVERSION = YES;
				CLANG_WARN_OBJC_ROOT_CLASS = YES_ERROR;
				CLANG_WARN_QUOTED_INCLUDE_IN_FRAMEWORK_HEADER = YES;
				CLANG_WARN_RANGE_LOOP_ANALYSIS = YES;
				CLANG_WARN_STRICT_PROTOTYPES = YES;
				CLANG_WARN_SUSPICIOUS_MOVE = YES;
				CLANG_WARN_SUSPICIOUS_MOVES = YES;
				CLANG_WARN_UNREACHABLE_CODE = YES;
				CLANG_WARN__DUPLICATE_METHOD_MATCH = YES;
				CODE_SIGN_IDENTITY = "-";
				COPY_PHASE_STRIP = NO;
				CURRENT_PROJECT_VERSION = 1;
				DEBUG_INFORMATION_FORMAT = dwarf;
				ENABLE_STRICT_OBJC_MSGSEND = YES;
				ENABLE_TESTABILITY = YES;
				GCC_C_LANGUAGE_STANDARD = gnu99;
				GCC_DYNAMIC_NO_PIC = NO;
				GCC_NO_COMMON_BLOCKS = YES;
				GCC_OPTIMIZATION_LEVEL = 0;
				GCC_PREPROCESSOR_DEFINITIONS = (
					"DEBUG=1",
					"$(inherited)",
				);
				GCC_WARN_64_TO_32_BIT_CONVERSION = YES;
				GCC_WARN_ABOUT_RETURN_TYPE = YES_ERROR;
				GCC_WARN_UNDECLARED_SELECTOR = YES;
				GCC_WARN_UNINITIALIZED_AUTOS = YES_AGGRESSIVE;
				GCC_WARN_UNUSED_FUNCTION = YES;
				GCC_WARN_UNUSED_VARIABLE = YES;
				MACOSX_DEPLOYMENT_TARGET = 10.12;
				MTL_ENABLE_DEBUG_INFO = YES;
				ONLY_ACTIVE_ARCH = YES;
				SDKROOT = macosx;
				SWIFT_ACTIVE_COMPILATION_CONDITIONS = DEBUG;
				SWIFT_OPTIMIZATION_LEVEL = "-Onone";
				VERSIONING_SYSTEM = "apple-generic";
				VERSION_INFO_PREFIX = "";
			};
			name = Debug;
		};
		5A9803651E5FE60E00BFFB0A /* Release */ = {
			isa = XCBuildConfiguration;
			buildSettings = {
				ALWAYS_SEARCH_USER_PATHS = NO;
				CLANG_ANALYZER_LOCALIZABILITY_NONLOCALIZED = YES;
				CLANG_ANALYZER_NONNULL = YES;
				CLANG_CXX_LANGUAGE_STANDARD = "gnu++0x";
				CLANG_CXX_LIBRARY = "libc++";
				CLANG_ENABLE_MODULES = YES;
				CLANG_ENABLE_OBJC_ARC = YES;
				CLANG_WARN_BLOCK_CAPTURE_AUTORELEASING = YES;
				CLANG_WARN_BOOL_CONVERSION = YES;
				CLANG_WARN_COMMA = YES;
				CLANG_WARN_CONSTANT_CONVERSION = YES;
				CLANG_WARN_DEPRECATED_OBJC_IMPLEMENTATIONS = YES;
				CLANG_WARN_DIRECT_OBJC_ISA_USAGE = YES_ERROR;
				CLANG_WARN_DOCUMENTATION_COMMENTS = YES;
				CLANG_WARN_EMPTY_BODY = YES;
				CLANG_WARN_ENUM_CONVERSION = YES;
				CLANG_WARN_INFINITE_RECURSION = YES;
				CLANG_WARN_INT_CONVERSION = YES;
				CLANG_WARN_NON_LITERAL_NULL_CONVERSION = YES;
				CLANG_WARN_OBJC_IMPLICIT_RETAIN_SELF = YES;
				CLANG_WARN_OBJC_LITERAL_CONVERSION = YES;
				CLANG_WARN_OBJC_ROOT_CLASS = YES_ERROR;
				CLANG_WARN_QUOTED_INCLUDE_IN_FRAMEWORK_HEADER = YES;
				CLANG_WARN_RANGE_LOOP_ANALYSIS = YES;
				CLANG_WARN_STRICT_PROTOTYPES = YES;
				CLANG_WARN_SUSPICIOUS_MOVE = YES;
				CLANG_WARN_SUSPICIOUS_MOVES = YES;
				CLANG_WARN_UNREACHABLE_CODE = YES;
				CLANG_WARN__DUPLICATE_METHOD_MATCH = YES;
				CODE_SIGN_IDENTITY = "-";
				COPY_PHASE_STRIP = NO;
				CURRENT_PROJECT_VERSION = 1;
				DEBUG_INFORMATION_FORMAT = "dwarf-with-dsym";
				ENABLE_NS_ASSERTIONS = NO;
				ENABLE_STRICT_OBJC_MSGSEND = YES;
				GCC_C_LANGUAGE_STANDARD = gnu99;
				GCC_NO_COMMON_BLOCKS = YES;
				GCC_WARN_64_TO_32_BIT_CONVERSION = YES;
				GCC_WARN_ABOUT_RETURN_TYPE = YES_ERROR;
				GCC_WARN_UNDECLARED_SELECTOR = YES;
				GCC_WARN_UNINITIALIZED_AUTOS = YES_AGGRESSIVE;
				GCC_WARN_UNUSED_FUNCTION = YES;
				GCC_WARN_UNUSED_VARIABLE = YES;
				MACOSX_DEPLOYMENT_TARGET = 10.12;
				MTL_ENABLE_DEBUG_INFO = NO;
				SDKROOT = macosx;
				SWIFT_OPTIMIZATION_LEVEL = "-Owholemodule";
				VERSIONING_SYSTEM = "apple-generic";
				VERSION_INFO_PREFIX = "";
			};
			name = Release;
		};
		5A9803671E5FE60E00BFFB0A /* Debug */ = {
			isa = XCBuildConfiguration;
			buildSettings = {
				APPLICATION_EXTENSION_API_ONLY = NO;
				CLANG_ENABLE_MODULES = YES;
				CODE_SIGN_IDENTITY = "";
				COMBINE_HIDPI_IMAGES = YES;
				DEFINES_MODULE = YES;
				DYLIB_COMPATIBILITY_VERSION = 1;
				DYLIB_CURRENT_VERSION = 1;
				DYLIB_INSTALL_NAME_BASE = "@rpath";
				FRAMEWORK_SEARCH_PATHS = "$(inherited)";
				FRAMEWORK_VERSION = A;
				INFOPLIST_FILE = SignalRClient/Info.plist;
				INSTALL_PATH = "$(LOCAL_LIBRARY_DIR)/Frameworks";
				LD_RUNPATH_SEARCH_PATHS = "$(inherited) @executable_path/../Frameworks @loader_path/Frameworks";
				MACOSX_DEPLOYMENT_TARGET = 10.10;
				PRODUCT_BUNDLE_IDENTIFIER = moozzyk.SignalRClient;
				PRODUCT_NAME = SignalRClient;
				SKIP_INSTALL = YES;
				SWIFT_OPTIMIZATION_LEVEL = "-Onone";
				SWIFT_VERSION = 5.0;
			};
			name = Debug;
		};
		5A9803681E5FE60E00BFFB0A /* Release */ = {
			isa = XCBuildConfiguration;
			buildSettings = {
				APPLICATION_EXTENSION_API_ONLY = NO;
				CLANG_ENABLE_MODULES = YES;
				CODE_SIGN_IDENTITY = "";
				COMBINE_HIDPI_IMAGES = YES;
				DEFINES_MODULE = YES;
				DYLIB_COMPATIBILITY_VERSION = 1;
				DYLIB_CURRENT_VERSION = 1;
				DYLIB_INSTALL_NAME_BASE = "@rpath";
				FRAMEWORK_SEARCH_PATHS = "$(inherited)";
				FRAMEWORK_VERSION = A;
				INFOPLIST_FILE = SignalRClient/Info.plist;
				INSTALL_PATH = "$(LOCAL_LIBRARY_DIR)/Frameworks";
				LD_RUNPATH_SEARCH_PATHS = "$(inherited) @executable_path/../Frameworks @loader_path/Frameworks";
				MACOSX_DEPLOYMENT_TARGET = 10.10;
				PRODUCT_BUNDLE_IDENTIFIER = moozzyk.SignalRClient;
				PRODUCT_NAME = SignalRClient;
				SKIP_INSTALL = YES;
				SWIFT_VERSION = 5.0;
			};
			name = Release;
		};
		5A9A81661E63CAE100FE62A6 /* Debug */ = {
			isa = XCBuildConfiguration;
			buildSettings = {
				ALWAYS_EMBED_SWIFT_STANDARD_LIBRARIES = YES;
				ASSETCATALOG_COMPILER_APPICON_NAME = AppIcon;
				CODE_SIGN_IDENTITY = "-";
				COMBINE_HIDPI_IMAGES = YES;
				FRAMEWORK_SEARCH_PATHS = "$(inherited)";
				INFOPLIST_FILE = ConnectionSample/Info.plist;
				LD_RUNPATH_SEARCH_PATHS = "$(inherited) @executable_path/../Frameworks";
				PRODUCT_BUNDLE_IDENTIFIER = moozzyk.ConnectionSample;
				PRODUCT_NAME = "$(TARGET_NAME)";
				SWIFT_VERSION = 5.0;
			};
			name = Debug;
		};
		5A9A81671E63CAE100FE62A6 /* Release */ = {
			isa = XCBuildConfiguration;
			buildSettings = {
				ALWAYS_EMBED_SWIFT_STANDARD_LIBRARIES = YES;
				ASSETCATALOG_COMPILER_APPICON_NAME = AppIcon;
				CODE_SIGN_IDENTITY = "-";
				COMBINE_HIDPI_IMAGES = YES;
				FRAMEWORK_SEARCH_PATHS = "$(inherited)";
				INFOPLIST_FILE = ConnectionSample/Info.plist;
				LD_RUNPATH_SEARCH_PATHS = "$(inherited) @executable_path/../Frameworks";
				PRODUCT_BUNDLE_IDENTIFIER = moozzyk.ConnectionSample;
				PRODUCT_NAME = "$(TARGET_NAME)";
				SWIFT_VERSION = 5.0;
			};
			name = Release;
		};
		5AA9F0081E835AC200C5E248 /* Debug */ = {
			isa = XCBuildConfiguration;
			buildSettings = {
				ALWAYS_EMBED_SWIFT_STANDARD_LIBRARIES = YES;
				ASSETCATALOG_COMPILER_APPICON_NAME = AppIcon;
				CODE_SIGN_IDENTITY = "-";
				COMBINE_HIDPI_IMAGES = YES;
				FRAMEWORK_SEARCH_PATHS = "$(inherited)";
				INFOPLIST_FILE = HubSample/Info.plist;
				LD_RUNPATH_SEARCH_PATHS = "$(inherited) @executable_path/../Frameworks";
				PRODUCT_BUNDLE_IDENTIFIER = moozzyk.HubSample;
				PRODUCT_NAME = "$(TARGET_NAME)";
				SWIFT_VERSION = 5.0;
			};
			name = Debug;
		};
		5AA9F0091E835AC200C5E248 /* Release */ = {
			isa = XCBuildConfiguration;
			buildSettings = {
				ALWAYS_EMBED_SWIFT_STANDARD_LIBRARIES = YES;
				ASSETCATALOG_COMPILER_APPICON_NAME = AppIcon;
				CODE_SIGN_IDENTITY = "-";
				COMBINE_HIDPI_IMAGES = YES;
				FRAMEWORK_SEARCH_PATHS = "$(inherited)";
				INFOPLIST_FILE = HubSample/Info.plist;
				LD_RUNPATH_SEARCH_PATHS = "$(inherited) @executable_path/../Frameworks";
				PRODUCT_BUNDLE_IDENTIFIER = moozzyk.HubSample;
				PRODUCT_NAME = "$(TARGET_NAME)";
				SWIFT_VERSION = 5.0;
			};
			name = Release;
		};
		5AEC70FC20310E3F00616DD2 /* Debug */ = {
			isa = XCBuildConfiguration;
			buildSettings = {
				ALWAYS_EMBED_SWIFT_STANDARD_LIBRARIES = YES;
				ASSETCATALOG_COMPILER_APPICON_NAME = AppIcon;
				CLANG_ANALYZER_NUMBER_OBJECT_CONVERSION = YES_AGGRESSIVE;
				CLANG_CXX_LANGUAGE_STANDARD = "gnu++14";
				CLANG_WARN_UNGUARDED_AVAILABILITY = YES_AGGRESSIVE;
				CODE_SIGN_IDENTITY = "iPhone Developer";
				CODE_SIGN_STYLE = Automatic;
				FRAMEWORK_SEARCH_PATHS = "$(inherited)";
				GCC_C_LANGUAGE_STANDARD = gnu11;
				INFOPLIST_FILE = HubSamplePhone/Info.plist;
				IPHONEOS_DEPLOYMENT_TARGET = 12.0;
				LD_RUNPATH_SEARCH_PATHS = "$(inherited) @executable_path/Frameworks";
				PRODUCT_BUNDLE_IDENTIFIER = moozzyk.HubSamplePhone;
				PRODUCT_NAME = "$(TARGET_NAME)";
				SDKROOT = iphoneos;
				SWIFT_VERSION = 5.0;
				TARGETED_DEVICE_FAMILY = "1,2";
			};
			name = Debug;
		};
		5AEC70FD20310E3F00616DD2 /* Release */ = {
			isa = XCBuildConfiguration;
			buildSettings = {
				ALWAYS_EMBED_SWIFT_STANDARD_LIBRARIES = YES;
				ASSETCATALOG_COMPILER_APPICON_NAME = AppIcon;
				CLANG_ANALYZER_NUMBER_OBJECT_CONVERSION = YES_AGGRESSIVE;
				CLANG_CXX_LANGUAGE_STANDARD = "gnu++14";
				CLANG_WARN_UNGUARDED_AVAILABILITY = YES_AGGRESSIVE;
				CODE_SIGN_IDENTITY = "iPhone Developer";
				CODE_SIGN_STYLE = Automatic;
				FRAMEWORK_SEARCH_PATHS = "$(inherited)";
				GCC_C_LANGUAGE_STANDARD = gnu11;
				INFOPLIST_FILE = HubSamplePhone/Info.plist;
				IPHONEOS_DEPLOYMENT_TARGET = 12.0;
				LD_RUNPATH_SEARCH_PATHS = "$(inherited) @executable_path/Frameworks";
				PRODUCT_BUNDLE_IDENTIFIER = moozzyk.HubSamplePhone;
				PRODUCT_NAME = "$(TARGET_NAME)";
				SDKROOT = iphoneos;
				SWIFT_VERSION = 5.0;
				TARGETED_DEVICE_FAMILY = "1,2";
				VALIDATE_PRODUCT = YES;
			};
			name = Release;
		};
/* End XCBuildConfiguration section */

/* Begin XCConfigurationList section */
		5A406F452030F4970055671E /* Build configuration list for PBXNativeTarget "iOS SignalRClient" */ = {
			isa = XCConfigurationList;
			buildConfigurations = (
				5A406F432030F4970055671E /* Debug */,
				5A406F442030F4970055671E /* Release */,
			);
			defaultConfigurationIsVisible = 0;
			defaultConfigurationName = Release;
		};
		5A98034C1E5FE60E00BFFB0A /* Build configuration list for PBXProject "SignalRClient" */ = {
			isa = XCConfigurationList;
			buildConfigurations = (
				5A9803641E5FE60E00BFFB0A /* Debug */,
				5A9803651E5FE60E00BFFB0A /* Release */,
			);
			defaultConfigurationIsVisible = 0;
			defaultConfigurationName = Release;
		};
		5A9803661E5FE60E00BFFB0A /* Build configuration list for PBXNativeTarget "macOS SignalRClient" */ = {
			isa = XCConfigurationList;
			buildConfigurations = (
				5A9803671E5FE60E00BFFB0A /* Debug */,
				5A9803681E5FE60E00BFFB0A /* Release */,
			);
			defaultConfigurationIsVisible = 0;
			defaultConfigurationName = Release;
		};
		5A9A81651E63CAE100FE62A6 /* Build configuration list for PBXNativeTarget "ConnectionSample" */ = {
			isa = XCConfigurationList;
			buildConfigurations = (
				5A9A81661E63CAE100FE62A6 /* Debug */,
				5A9A81671E63CAE100FE62A6 /* Release */,
			);
			defaultConfigurationIsVisible = 0;
			defaultConfigurationName = Release;
		};
		5AA9F00A1E835AC300C5E248 /* Build configuration list for PBXNativeTarget "HubSample" */ = {
			isa = XCConfigurationList;
			buildConfigurations = (
				5AA9F0081E835AC200C5E248 /* Debug */,
				5AA9F0091E835AC200C5E248 /* Release */,
			);
			defaultConfigurationIsVisible = 0;
			defaultConfigurationName = Release;
		};
		5AEC70FE20310E3F00616DD2 /* Build configuration list for PBXNativeTarget "HubSamplePhone" */ = {
			isa = XCConfigurationList;
			buildConfigurations = (
				5AEC70FC20310E3F00616DD2 /* Debug */,
				5AEC70FD20310E3F00616DD2 /* Release */,
			);
			defaultConfigurationIsVisible = 0;
			defaultConfigurationName = Release;
		};
/* End XCConfigurationList section */
	};
	rootObject = 5A9803491E5FE60E00BFFB0A /* Project object */;
}
