{
  "name": "test-server-dev",
  "version": "1.0.0",
  "lockfileVersion": 1,
  "requires": true,
  "dependencies": {
    "@aspnet/signalr": {
      "version": "1.0.0-preview1-28169",
      "resolved": "https://dotnet.myget.org/F/aspnetcore-dev/npm/@aspnet/signalr/-/@aspnet/signalr-1.0.0-preview1-28169.tgz",
      "integrity": "sha1-/WN/jwUcRdzTb8mu5vguohTmHo0="
    }
  }
}
